// !$*UTF8*$!
{
	archiveVersion = 1;
	classes = {
	};
	objectVersion = 50;
	objects = {

/* Begin PBXBuildFile section */
		490CF7E224CD46E600317B14 /* 52N皇后 II.cpp in Sources */ = {isa = PBXBuildFile; fileRef = 490CF7E124CD46E600317B14 /* 52N皇后 II.cpp */; };
		490CF7E524CD4A1100317B14 /* 54螺旋矩阵.cpp in Sources */ = {isa = PBXBuildFile; fileRef = 490CF7E324CD4A1100317B14 /* 54螺旋矩阵.cpp */; };
		490CF7E724CD542E00317B14 /* 59螺旋矩阵 II.cpp in Sources */ = {isa = PBXBuildFile; fileRef = 490CF7E624CD542E00317B14 /* 59螺旋矩阵 II.cpp */; };
		490CF7E924CD585200317B14 /* 55跳跃游戏.cpp in Sources */ = {isa = PBXBuildFile; fileRef = 490CF7E824CD585200317B14 /* 55跳跃游戏.cpp */; };
		490CF7EB24CD5F1A00317B14 /* 58最后一个单词的长度.cpp in Sources */ = {isa = PBXBuildFile; fileRef = 490CF7EA24CD5F1A00317B14 /* 58最后一个单词的长度.cpp */; };
		490CF7ED24CD610600317B14 /* 66加一.cpp in Sources */ = {isa = PBXBuildFile; fileRef = 490CF7EC24CD610600317B14 /* 66加一.cpp */; };
		490CF7EF24CD767800317B14 /* 67二进制求和.cpp in Sources */ = {isa = PBXBuildFile; fileRef = 490CF7EE24CD767800317B14 /* 67二进制求和.cpp */; };
		490CF7F124CD7B3900317B14 /* 83删除排序链表中的重复元素.cpp in Sources */ = {isa = PBXBuildFile; fileRef = 490CF7F024CD7B3900317B14 /* 83删除排序链表中的重复元素.cpp */; };
		490CF7F324CD7EAD00317B14 /* 88合并两个有序数组.cpp in Sources */ = {isa = PBXBuildFile; fileRef = 490CF7F224CD7EAD00317B14 /* 88合并两个有序数组.cpp */; };
		490CF7F524CD82F200317B14 /* 56合并区间.cpp in Sources */ = {isa = PBXBuildFile; fileRef = 490CF7F424CD82F200317B14 /* 56合并区间.cpp */; };
		490CF7F724CD880500317B14 /* 60第k个排列.cpp in Sources */ = {isa = PBXBuildFile; fileRef = 490CF7F624CD880500317B14 /* 60第k个排列.cpp */; };
		490E1FD3249CAA410023D01C /* 70爬楼梯.cpp in Sources */ = {isa = PBXBuildFile; fileRef = 490E1FD2249CAA410023D01C /* 70爬楼梯.cpp */; };
		4917C354245D453500D3EE28 /* 3无重复字符的最长子串.cpp in Sources */ = {isa = PBXBuildFile; fileRef = 4917C353245D453500D3EE28 /* 3无重复字符的最长子串.cpp */; };
		4917C358245D4F7A00D3EE28 /* 21合并两个有序链表.cpp in Sources */ = {isa = PBXBuildFile; fileRef = 4917C357245D4F7A00D3EE28 /* 21合并两个有序链表.cpp */; };
		4917C35A245D64D300D3EE28 /* 337打家劫舍 III.cpp in Sources */ = {isa = PBXBuildFile; fileRef = 4917C359245D64D300D3EE28 /* 337打家劫舍 III.cpp */; };
		4917C35C245D6D0800D3EE28 /* 297二叉树的序列化与反序列化.cpp in Sources */ = {isa = PBXBuildFile; fileRef = 4917C35B245D6D0800D3EE28 /* 297二叉树的序列化与反序列化.cpp */; };
		4917C35E245D9C7A00D3EE28 /* 148排序链表.cpp in Sources */ = {isa = PBXBuildFile; fileRef = 4917C35D245D9C7A00D3EE28 /* 148排序链表.cpp */; };
		4917C360245D9EEB00D3EE28 /* 19删除链表的倒数第N个节点.cpp in Sources */ = {isa = PBXBuildFile; fileRef = 4917C35F245D9EEB00D3EE28 /* 19删除链表的倒数第N个节点.cpp */; };
		4917C362245DA35900D3EE28 /* 234回文链表.cpp in Sources */ = {isa = PBXBuildFile; fileRef = 4917C361245DA35900D3EE28 /* 234回文链表.cpp */; };
		4917C364245DB67D00D3EE28 /* 141环形链表.cpp in Sources */ = {isa = PBXBuildFile; fileRef = 4917C363245DB67D00D3EE28 /* 141环形链表.cpp */; };
		4917C366245DB93900D3EE28 /* 142环形链表 II.cpp in Sources */ = {isa = PBXBuildFile; fileRef = 4917C365245DB93900D3EE28 /* 142环形链表 II.cpp */; };
		491C50F624643EAF00A7E504 /* 494目标和.cpp in Sources */ = {isa = PBXBuildFile; fileRef = 491C50F524643EAF00A7E504 /* 494目标和.cpp */; };
		493AC5B2244726890007341E /* 105从前序与中序遍历序列构造二叉树.cpp in Sources */ = {isa = PBXBuildFile; fileRef = 493AC5B1244726890007341E /* 105从前序与中序遍历序列构造二叉树.cpp */; };
		493BF9CA24565E2B00FE126F /* 538把二叉搜索树转换为累加树.cpp in Sources */ = {isa = PBXBuildFile; fileRef = 493BF9C924565E2B00FE126F /* 538把二叉搜索树转换为累加树.cpp */; };
		49421FC6244FC52C00F6C511 /* 124二叉树中的最大路径和.cpp in Sources */ = {isa = PBXBuildFile; fileRef = 49421FC5244FC52C00F6C511 /* 124二叉树中的最大路径和.cpp */; };
		49421FC8244FDAF500F6C511 /* 226翻转二叉树.cpp in Sources */ = {isa = PBXBuildFile; fileRef = 49421FC7244FDAF500F6C511 /* 226翻转二叉树.cpp */; };
		49447696242AF67300432797 /* main.m in Sources */ = {isa = PBXBuildFile; fileRef = 49447695242AF67300432797 /* main.m */; };
		494476A3242B4FD800432797 /* 206反转链表.cpp in Sources */ = {isa = PBXBuildFile; fileRef = 494476A2242B4FD800432797 /* 206反转链表.cpp */; };
		494476A7242B82B000432797 /* 300最长上升子序列.cpp in Sources */ = {isa = PBXBuildFile; fileRef = 494476A6242B82B000432797 /* 300最长上升子序列.cpp */; };
		49449CBF249620AE0034654A /* 221最大正方形.cpp in Sources */ = {isa = PBXBuildFile; fileRef = 49449CBE249620AE0034654A /* 221最大正方形.cpp */; };
		49449CC2249625910034654A /* 1冒泡排序.cpp in Sources */ = {isa = PBXBuildFile; fileRef = 49449CC1249625910034654A /* 1冒泡排序.cpp */; };
		49449CC424962C7D0034654A /* 2选择排序cpp in Sources */ = {isa = PBXBuildFile; fileRef = 49449CC324962C7D0034654A /* 2选择排序cpp */; };
		49449CC62496319F0034654A /* 3插入排序.cpp in Sources */ = {isa = PBXBuildFile; fileRef = 49449CC52496319F0034654A /* 3插入排序.cpp */; };
		494EE3202458FFA3004648E0 /* 617合并二叉树.cpp in Sources */ = {isa = PBXBuildFile; fileRef = 494EE31F2458FFA3004648E0 /* 617合并二叉树.cpp */; };
		494EE3222459B4FA004648E0 /* 236二叉树的最近公共祖先.cpp in Sources */ = {isa = PBXBuildFile; fileRef = 494EE3212459B4FA004648E0 /* 236二叉树的最近公共祖先.cpp */; };
		494F552E245EAD4C0070C302 /* 53最大子序和.cpp in Sources */ = {isa = PBXBuildFile; fileRef = 494F552D245EAD4C0070C302 /* 53最大子序和.cpp */; };
		494F5530245EB1440070C302 /* 160相交链表.cpp in Sources */ = {isa = PBXBuildFile; fileRef = 494F552F245EB1440070C302 /* 160相交链表.cpp */; };
		4955577B24639207004DC4BE /* 572另一个树的子树.cpp in Sources */ = {isa = PBXBuildFile; fileRef = 4955577A24639207004DC4BE /* 572另一个树的子树.cpp */; };
		4969DC0F24DC1DEF00241CCE /* 172阶乘后的零.cpp in Sources */ = {isa = PBXBuildFile; fileRef = 4969DC0E24DC1DEF00241CCE /* 172阶乘后的零.cpp */; };
		4969DC1124DC209500241CCE /* 189旋转数组.cpp in Sources */ = {isa = PBXBuildFile; fileRef = 4969DC1024DC209500241CCE /* 189旋转数组.cpp */; };
		4969DC1324DC29AF00241CCE /* 190颠倒二进制位.cpp in Sources */ = {isa = PBXBuildFile; fileRef = 4969DC1224DC29AF00241CCE /* 190颠倒二进制位.cpp */; };
		4969DC1524DC2D9200241CCE /* 191位1的个数.cpp in Sources */ = {isa = PBXBuildFile; fileRef = 4969DC1424DC2D9200241CCE /* 191位1的个数.cpp */; };
		4969DC1724DC313E00241CCE /* 203移除链表元素.cpp in Sources */ = {isa = PBXBuildFile; fileRef = 4969DC1624DC313E00241CCE /* 203移除链表元素.cpp */; };
		4969DC1924DC33BB00241CCE /* 204计数质数.cpp in Sources */ = {isa = PBXBuildFile; fileRef = 4969DC1824DC33BB00241CCE /* 204计数质数.cpp */; };
		4969DC1B24DC3E1A00241CCE /* 205同构字符串.cpp in Sources */ = {isa = PBXBuildFile; fileRef = 4969DC1A24DC3E1A00241CCE /* 205同构字符串.cpp */; };
		49709CB624DE92CE009C378F /* 209长度最小的子数组.cpp in Sources */ = {isa = PBXBuildFile; fileRef = 49709CB524DE92CE009C378F /* 209长度最小的子数组.cpp */; };
		49709CB824DEA0BA009C378F /* 153寻找旋转排序数组中的最小值.cpp in Sources */ = {isa = PBXBuildFile; fileRef = 49709CB724DEA0BA009C378F /* 153寻找旋转排序数组中的最小值.cpp */; };
		49709CBA24DEA4C2009C378F /* 154寻找旋转排序数组中的最小值 II.cpp in Sources */ = {isa = PBXBuildFile; fileRef = 49709CB924DEA4C2009C378F /* 154寻找旋转排序数组中的最小值 II.cpp */; };
		49709CBC24DEAD59009C378F /* 162寻找峰值.cpp in Sources */ = {isa = PBXBuildFile; fileRef = 49709CBB24DEAD59009C378F /* 162寻找峰值.cpp */; };
		49709CBE24DEC187009C378F /* 165比较版本号.cpp in Sources */ = {isa = PBXBuildFile; fileRef = 49709CBD24DEC187009C378F /* 165比较版本号.cpp */; };
		49709CC024DEC707009C378F /* 166分数到小数.cpp in Sources */ = {isa = PBXBuildFile; fileRef = 49709CBF24DEC707009C378F /* 166分数到小数.cpp */; };
		4971F000243D58BE00869D4B /* 94二叉树的中序遍历.cpp in Sources */ = {isa = PBXBuildFile; fileRef = 4971EFFF243D58BE00869D4B /* 94二叉树的中序遍历.cpp */; };
		4971F002243D5DBA00869D4B /* 96不同的二叉搜索树.cpp in Sources */ = {isa = PBXBuildFile; fileRef = 4971F001243D5DBA00869D4B /* 96不同的二叉搜索树.cpp */; };
		4971F004243DF2A800869D4B /* 98验证二叉搜索树.cpp in Sources */ = {isa = PBXBuildFile; fileRef = 4971F003243DF2A800869D4B /* 98验证二叉搜索树.cpp */; };
		4979DD1624C2DC8600A2B8E0 /* 75颜色分类.cpp in Sources */ = {isa = PBXBuildFile; fileRef = 4979DD1524C2DC8600A2B8E0 /* 75颜色分类.cpp */; };
		4979DD1824C2E07000A2B8E0 /* 15三数之和.cpp in Sources */ = {isa = PBXBuildFile; fileRef = 4979DD1724C2E07000A2B8E0 /* 15三数之和.cpp */; };
		4979DD1A24C2FD1C00A2B8E0 /* 76最小覆盖子串.cpp in Sources */ = {isa = PBXBuildFile; fileRef = 4979DD1924C2FD1C00A2B8E0 /* 76最小覆盖子串.cpp */; };
		4979DD1C24C319D800A2B8E0 /* 567字符串的排列.cpp in Sources */ = {isa = PBXBuildFile; fileRef = 4979DD1B24C319D800A2B8E0 /* 567字符串的排列.cpp */; };
		4979DD1F24C32DF500A2B8E0 /* 461汉明距离.cpp in Sources */ = {isa = PBXBuildFile; fileRef = 4979DD1E24C32DF500A2B8E0 /* 461汉明距离.cpp */; };
		4979DD2124C32F5300A2B8E0 /* 136只出现一次的数字.cpp in Sources */ = {isa = PBXBuildFile; fileRef = 4979DD2024C32F5300A2B8E0 /* 136只出现一次的数字.cpp */; };
		4979DD2324C3329900A2B8E0 /* 448找到所有数组中消失的数字.cpp in Sources */ = {isa = PBXBuildFile; fileRef = 4979DD2224C3329900A2B8E0 /* 448找到所有数组中消失的数字.cpp */; };
		497B182F24C52BE800E9ED76 /* 24两两交换链表中的节点.cpp in Sources */ = {isa = PBXBuildFile; fileRef = 497B182E24C52BE800E9ED76 /* 24两两交换链表中的节点.cpp */; };
		49839C9224C676BE00EDDD75 /* 29两数相除.cpp in Sources */ = {isa = PBXBuildFile; fileRef = 49839C9124C676BE00EDDD75 /* 29两数相除.cpp */; };
		49860FA824C40091008DC45E /* 6Z 字形变换.cpp in Sources */ = {isa = PBXBuildFile; fileRef = 49860FA724C40091008DC45E /* 6Z 字形变换.cpp */; };
		49860FAB24C41120008DC45E /* 9回文数.cpp in Sources */ = {isa = PBXBuildFile; fileRef = 49860FAA24C41120008DC45E /* 9回文数.cpp */; };
		49860FAD24C4180F008DC45E /* 14最长公共前缀.cpp in Sources */ = {isa = PBXBuildFile; fileRef = 49860FAC24C4180F008DC45E /* 14最长公共前缀.cpp */; };
		49860FB124C41DFB008DC45E /* 26删除排序数组中的重复项.cpp in Sources */ = {isa = PBXBuildFile; fileRef = 49860FB024C41DFB008DC45E /* 26删除排序数组中的重复项.cpp */; };
		49860FB324C4259E008DC45E /* 27移除元素.cpp in Sources */ = {isa = PBXBuildFile; fileRef = 49860FB224C4259E008DC45E /* 27移除元素.cpp */; };
		49860FB524C42CCB008DC45E /* 28实现 strStr().cpp in Sources */ = {isa = PBXBuildFile; fileRef = 49860FB424C42CCB008DC45E /* 28实现 strStr().cpp */; };
		49860FB724C432FC008DC45E /* 38外观数列.cpp in Sources */ = {isa = PBXBuildFile; fileRef = 49860FB624C432FC008DC45E /* 38外观数列.cpp */; };
		49860FB924C43CFF008DC45E /* 12整数转罗马数字.cpp in Sources */ = {isa = PBXBuildFile; fileRef = 49860FB824C43CFF008DC45E /* 12整数转罗马数字.cpp */; };
		49860FBB24C43DAC008DC45E /* 13罗马数字转整数.cpp in Sources */ = {isa = PBXBuildFile; fileRef = 49860FBA24C43DAC008DC45E /* 13罗马数字转整数.cpp */; };
		4990D9E8243F1AB900EE91CF /* 101对称二叉树.cpp in Sources */ = {isa = PBXBuildFile; fileRef = 4990D9E7243F1AB900EE91CF /* 101对称二叉树.cpp */; };
		4990D9EA243F222900EE91CF /* 102二叉树的层序遍历.cpp in Sources */ = {isa = PBXBuildFile; fileRef = 4990D9E9243F222900EE91CF /* 102二叉树的层序遍历.cpp */; };
		4990D9EC243F404500EE91CF /* 104二叉树的最大深度.cpp in Sources */ = {isa = PBXBuildFile; fileRef = 4990D9EB243F404500EE91CF /* 104二叉树的最大深度.cpp */; };
		49940A9724A05ED70087ACA7 /* 20有效的括号.cpp in Sources */ = {isa = PBXBuildFile; fileRef = 49940A9624A05ED70087ACA7 /* 20有效的括号.cpp */; };
		49951BE324D8F3FA004B11A3 /* 167两数之和 II - 输入有序数组.cpp in Sources */ = {isa = PBXBuildFile; fileRef = 49951BE224D8F3FA004B11A3 /* 167两数之和 II - 输入有序数组.cpp */; };
		49951BE524D8F58C004B11A3 /* 168Excel表列名称.cpp in Sources */ = {isa = PBXBuildFile; fileRef = 49951BE424D8F58C004B11A3 /* 168Excel表列名称.cpp */; };
		4998A45A244D8387003CCE0B /* 114二叉树展开为链表.cpp in Sources */ = {isa = PBXBuildFile; fileRef = 4998A459244D8387003CCE0B /* 114二叉树展开为链表.cpp */; };
		499C4AFC249F51B800A34D65 /* 10正则表达式匹配.cpp in Sources */ = {isa = PBXBuildFile; fileRef = 499C4AFB249F51B800A34D65 /* 10正则表达式匹配.cpp */; };
		499C4AFE249F547800A34D65 /* 85最大矩形.cpp in Sources */ = {isa = PBXBuildFile; fileRef = 499C4AFD249F547800A34D65 /* 85最大矩形.cpp */; };
		499C4B00249F592D00A34D65 /* 338比特位计数.cpp in Sources */ = {isa = PBXBuildFile; fileRef = 499C4AFF249F592D00A34D65 /* 338比特位计数.cpp */; };
		499C4B04249F927100A34D65 /* 283移动零.cpp in Sources */ = {isa = PBXBuildFile; fileRef = 499C4B03249F927100A34D65 /* 283移动零.cpp */; };
		499C4B07249F9A0D00A34D65 /* 155最小栈.cpp in Sources */ = {isa = PBXBuildFile; fileRef = 499C4B06249F9A0D00A34D65 /* 155最小栈.cpp */; };
		499FA0B424D51BC300898039 /* 61旋转链表.cpp in Sources */ = {isa = PBXBuildFile; fileRef = 499FA0B324D51BC300898039 /* 61旋转链表.cpp */; };
		499FA0B624D522F000898039 /* 63不同路径 II.cpp in Sources */ = {isa = PBXBuildFile; fileRef = 499FA0B524D522F000898039 /* 63不同路径 II.cpp */; };
		499FA0B824D5276A00898039 /* 71简化路径.cpp in Sources */ = {isa = PBXBuildFile; fileRef = 499FA0B724D5276A00898039 /* 71简化路径.cpp */; };
		499FA0BA24D5286400898039 /* 73矩阵置零.cpp in Sources */ = {isa = PBXBuildFile; fileRef = 499FA0B924D5286400898039 /* 73矩阵置零.cpp */; };
		499FA0BC24D54F8300898039 /* 74搜索二维矩阵.cpp in Sources */ = {isa = PBXBuildFile; fileRef = 499FA0BB24D54F8300898039 /* 74搜索二维矩阵.cpp */; };
		499FA0BE24D55C9300898039 /* 80删除排序数组中的重复项 II.cpp in Sources */ = {isa = PBXBuildFile; fileRef = 499FA0BD24D55C9300898039 /* 80删除排序数组中的重复项 II.cpp */; };
		499FA0C024D5606800898039 /* 81搜索旋转排序数组 II.cpp in Sources */ = {isa = PBXBuildFile; fileRef = 499FA0BF24D5606800898039 /* 81搜索旋转排序数组 II.cpp */; };
		499FA0C224D5675000898039 /* 82删除排序链表中的重复元素 II.cpp in Sources */ = {isa = PBXBuildFile; fileRef = 499FA0C124D5675000898039 /* 82删除排序链表中的重复元素 II.cpp */; };
		499FA0C424D56CC800898039 /* 86分隔链表.cpp in Sources */ = {isa = PBXBuildFile; fileRef = 499FA0C324D56CC800898039 /* 86分隔链表.cpp */; };
		499FA0C624D5957D00898039 /* 89格雷编码.cpp in Sources */ = {isa = PBXBuildFile; fileRef = 499FA0C524D5957D00898039 /* 89格雷编码.cpp */; };
		499FA0C824D59DA200898039 /* 90子集 II.cpp in Sources */ = {isa = PBXBuildFile; fileRef = 499FA0C724D59DA200898039 /* 90子集 II.cpp */; };
		499FA0CA24D5A0BF00898039 /* 91解码方法.cpp in Sources */ = {isa = PBXBuildFile; fileRef = 499FA0C924D5A0BF00898039 /* 91解码方法.cpp */; };
		499FA0CC24D5A9E800898039 /* 92反转链表 II.cpp in Sources */ = {isa = PBXBuildFile; fileRef = 499FA0CB24D5A9E800898039 /* 92反转链表 II.cpp */; };
		49A0334324790C28005CCB85 /* 279完全平方数.cpp in Sources */ = {isa = PBXBuildFile; fileRef = 49A0334224790C28005CCB85 /* 279完全平方数.cpp */; };
		49A03345247910A2005CCB85 /* 647回文子串.cpp in Sources */ = {isa = PBXBuildFile; fileRef = 49A03344247910A2005CCB85 /* 647回文子串.cpp */; };
		49A0334724791A93005CCB85 /* 64最小路径和.cpp in Sources */ = {isa = PBXBuildFile; fileRef = 49A0334624791A93005CCB85 /* 64最小路径和.cpp */; };
		49A0334924791D25005CCB85 /* 152乘积最大子数组.cpp in Sources */ = {isa = PBXBuildFile; fileRef = 49A0334824791D25005CCB85 /* 152乘积最大子数组.cpp */; };
		49A05FCC245FD8BB00A71560 /* 198打家劫舍.cpp in Sources */ = {isa = PBXBuildFile; fileRef = 49A05FCB245FD8BB00A71560 /* 198打家劫舍.cpp */; };
		49A05FCE245FDC6000A71560 /* 213打家劫舍 II.cpp in Sources */ = {isa = PBXBuildFile; fileRef = 49A05FCD245FDC6000A71560 /* 213打家劫舍 II.cpp */; };
		49A05FD0245FEB2F00A71560 /* 121买卖股票的最佳时机.cpp in Sources */ = {isa = PBXBuildFile; fileRef = 49A05FCF245FEB2F00A71560 /* 121买卖股票的最佳时机.cpp */; };
		49A05FD2245FEDD900A71560 /* 122买卖股票的最佳时机 II.cpp in Sources */ = {isa = PBXBuildFile; fileRef = 49A05FD1245FEDD900A71560 /* 122买卖股票的最佳时机 II.cpp */; };
		49A05FD4246003B100A71560 /* 123买卖股票的最佳时机 III.cpp in Sources */ = {isa = PBXBuildFile; fileRef = 49A05FD3246003B100A71560 /* 123买卖股票的最佳时机 III.cpp */; };
		49A05FD6246008AD00A71560 /* 188买卖股票的最佳时机 IV.cpp in Sources */ = {isa = PBXBuildFile; fileRef = 49A05FD5246008AD00A71560 /* 188买卖股票的最佳时机 IV.cpp */; };
		49A05FD824600BA100A71560 /* 309最佳买卖股票时机含冷冻期.cpp in Sources */ = {isa = PBXBuildFile; fileRef = 49A05FD724600BA100A71560 /* 309最佳买卖股票时机含冷冻期.cpp */; };
		49A05FDA24600BB400A71560 /* 714买卖股票的最佳时机含手续费.cpp in Sources */ = {isa = PBXBuildFile; fileRef = 49A05FD924600BB400A71560 /* 714买卖股票的最佳时机含手续费.cpp */; };
		49A05FDC246015DA00A71560 /* 322零钱兑换.cpp in Sources */ = {isa = PBXBuildFile; fileRef = 49A05FDB246015DA00A71560 /* 322零钱兑换.cpp */; };
		49A05FDE246015F200A71560 /* 518零钱兑换 II.cpp in Sources */ = {isa = PBXBuildFile; fileRef = 49A05FDD246015F200A71560 /* 518零钱兑换 II.cpp */; };
		49A0FD4C2462EBD200FFDEC5 /* 983最低票价.cpp in Sources */ = {isa = PBXBuildFile; fileRef = 49A0FD4B2462EBD200FFDEC5 /* 983最低票价.cpp */; };
		49A0FD4E2462EFA000FFDEC5 /* 139单词拆分.cpp in Sources */ = {isa = PBXBuildFile; fileRef = 49A0FD4D2462EFA000FFDEC5 /* 139单词拆分.cpp */; };
		49A0FD502462F87C00FFDEC5 /* 62不同路径.cpp in Sources */ = {isa = PBXBuildFile; fileRef = 49A0FD4F2462F87C00FFDEC5 /* 62不同路径.cpp */; };
		49A7D60C24614F3000B93710 /* 1143最长公共子序列.cpp in Sources */ = {isa = PBXBuildFile; fileRef = 49A7D60B24614F3000B93710 /* 1143最长公共子序列.cpp */; };
		49A7D60F246160D600B93710 /* 5最长回文子串.cpp in Sources */ = {isa = PBXBuildFile; fileRef = 49A7D60E246160D600B93710 /* 5最长回文子串.cpp */; };
		49A7D611246168AD00B93710 /* 516最长回文子序列.cpp in Sources */ = {isa = PBXBuildFile; fileRef = 49A7D610246168AD00B93710 /* 516最长回文子序列.cpp */; };
		49AADF0D24C6D89A00DE5DD6 /* 35搜索插入位置.cpp in Sources */ = {isa = PBXBuildFile; fileRef = 49AADF0C24C6D89A00DE5DD6 /* 35搜索插入位置.cpp */; };
		49AADF0F24C6DEE300DE5DD6 /* 31下一个排列.cpp in Sources */ = {isa = PBXBuildFile; fileRef = 49AADF0E24C6DEE300DE5DD6 /* 31下一个排列.cpp */; };
		49B3BFD624D699D200FE2FE7 /* 93复原IP地址.cpp in Sources */ = {isa = PBXBuildFile; fileRef = 49B3BFD524D699D200FE2FE7 /* 93复原IP地址.cpp */; };
		49B3BFD824D6A00000FE2FE7 /* 95不同的二叉搜索树 II.cpp in Sources */ = {isa = PBXBuildFile; fileRef = 49B3BFD724D6A00000FE2FE7 /* 95不同的二叉搜索树 II.cpp */; };
		49B3BFDA24D6A4F900FE2FE7 /* 118杨辉三角.cpp in Sources */ = {isa = PBXBuildFile; fileRef = 49B3BFD924D6A4F900FE2FE7 /* 118杨辉三角.cpp */; };
		49B3BFDC24D6A52C00FE2FE7 /* 119杨辉三角.cpp in Sources */ = {isa = PBXBuildFile; fileRef = 49B3BFDB24D6A52C00FE2FE7 /* 119杨辉三角.cpp */; };
		49B3BFDE24D6B48400FE2FE7 /* 120三角形最小路径和.cpp in Sources */ = {isa = PBXBuildFile; fileRef = 49B3BFDD24D6B48400FE2FE7 /* 120三角形最小路径和.cpp */; };
		49B3BFE024D6BC2500FE2FE7 /* 125验证回文串.cpp in Sources */ = {isa = PBXBuildFile; fileRef = 49B3BFDF24D6BC2500FE2FE7 /* 125验证回文串.cpp */; };
		49B3BFE224D6CC5F00FE2FE7 /* 127单词接龙.cpp in Sources */ = {isa = PBXBuildFile; fileRef = 49B3BFE124D6CC5F00FE2FE7 /* 127单词接龙.cpp */; };
		49B3BFE424D6CE3900FE2FE7 /* 137只出现一次的数字 II.cpp in Sources */ = {isa = PBXBuildFile; fileRef = 49B3BFE324D6CE3900FE2FE7 /* 137只出现一次的数字 II.cpp */; };
		49B3BFE624D6D58100FE2FE7 /* 151翻转字符串里的单词.cpp in Sources */ = {isa = PBXBuildFile; fileRef = 49B3BFE524D6D58100FE2FE7 /* 151翻转字符串里的单词.cpp */; };
		49BB4F4124665148009BA8BD /* 69x 的平方根.cpp in Sources */ = {isa = PBXBuildFile; fileRef = 49BB4F4024665148009BA8BD /* 69x 的平方根.cpp */; };
		49C3E6BF24C449040093A556 /* 16最接近的三数之和.cpp in Sources */ = {isa = PBXBuildFile; fileRef = 49C3E6BE24C449040093A556 /* 16最接近的三数之和.cpp */; };
		49C3E6C124C453480093A556 /* 18四数之和.cpp in Sources */ = {isa = PBXBuildFile; fileRef = 49C3E6C024C453480093A556 /* 18四数之和.cpp */; };
		49C5AFF224BF1FDE00E20C20 /* 240搜索二维矩阵 II.cpp in Sources */ = {isa = PBXBuildFile; fileRef = 49C5AFF124BF1FDE00E20C20 /* 240搜索二维矩阵 II.cpp */; };
		49C5AFF424BF210300E20C20 /* 33搜索旋转排序数组.cpp in Sources */ = {isa = PBXBuildFile; fileRef = 49C5AFF324BF210300E20C20 /* 33搜索旋转排序数组.cpp */; };
		49C8979224B863350006ACE3 /* 394字符串解码.cpp in Sources */ = {isa = PBXBuildFile; fileRef = 49C8979124B863350006ACE3 /* 394字符串解码.cpp */; };
		49C8979424B86BF20006ACE3 /* 739每日温度.cpp in Sources */ = {isa = PBXBuildFile; fileRef = 49C8979324B86BF20006ACE3 /* 739每日温度.cpp */; };
		49CB900824CB045300F64EF9 /* 36有效的数独.cpp in Sources */ = {isa = PBXBuildFile; fileRef = 49CB900724CB045300F64EF9 /* 36有效的数独.cpp */; };
		49D1957424CBF03500CCD943 /* 40组合总和 II.cpp in Sources */ = {isa = PBXBuildFile; fileRef = 49D1957324CBF03500CCD943 /* 40组合总和 II.cpp */; };
		49D1957624CC22E200CCD943 /* 43字符串相乘.cpp in Sources */ = {isa = PBXBuildFile; fileRef = 49D1957524CC22E200CCD943 /* 43字符串相乘.cpp */; };
		49D1957824CC3D2F00CCD943 /* 47全排列 II.cpp in Sources */ = {isa = PBXBuildFile; fileRef = 49D1957724CC3D2F00CCD943 /* 47全排列 II.cpp */; };
		49D1957A24CC564300CCD943 /* 48旋转图像.cpp in Sources */ = {isa = PBXBuildFile; fileRef = 49D1957924CC564300CCD943 /* 48旋转图像.cpp */; };
		49D1957C24CC595900CCD943 /* 49字母异位词分组.cpp in Sources */ = {isa = PBXBuildFile; fileRef = 49D1957B24CC595900CCD943 /* 49字母异位词分组.cpp */; };
		49D1957E24CC614500CCD943 /* 50Pow(x, n).cpp in Sources */ = {isa = PBXBuildFile; fileRef = 49D1957D24CC614500CCD943 /* 50Pow(x, n).cpp */; };
		49D227BD24BAEBE500DD7652 /* 42接雨水.cpp in Sources */ = {isa = PBXBuildFile; fileRef = 49D227BC24BAEBE500DD7652 /* 42接雨水.cpp */; };
		49D227BF24BAF5F500DD7652 /* 84柱状图中最大的矩形.cpp in Sources */ = {isa = PBXBuildFile; fileRef = 49D227BE24BAF5F500DD7652 /* 84柱状图中最大的矩形.cpp */; };
		49D227C224BAFFFD00DD7652 /* 46全排列.cpp in Sources */ = {isa = PBXBuildFile; fileRef = 49D227C124BAFFFD00DD7652 /* 46全排列.cpp */; };
		49D227C424BB064A00DD7652 /* 51N皇后.cpp in Sources */ = {isa = PBXBuildFile; fileRef = 49D227C324BB064A00DD7652 /* 51N皇后.cpp */; };
		49D227C624BB195B00DD7652 /* 78子集.cpp in Sources */ = {isa = PBXBuildFile; fileRef = 49D227C524BB195B00DD7652 /* 78子集.cpp */; };
		49D227C824BB1E0B00DD7652 /* 77组合.cpp in Sources */ = {isa = PBXBuildFile; fileRef = 49D227C724BB1E0B00DD7652 /* 77组合.cpp */; };
		49D227CA24BB20A200DD7652 /* 22括号生成.cpp in Sources */ = {isa = PBXBuildFile; fileRef = 49D227C924BB20A200DD7652 /* 22括号生成.cpp */; };
		49D227CC24BB324900DD7652 /* 37解数独.cpp in Sources */ = {isa = PBXBuildFile; fileRef = 49D227CB24BB324900DD7652 /* 37解数独.cpp */; };
		49D227CF24BB3A6500DD7652 /* 39组合总和.cpp in Sources */ = {isa = PBXBuildFile; fileRef = 49D227CE24BB3A6500DD7652 /* 39组合总和.cpp */; };
		49D8D57324BBE7EA0094992C /* 17电话号码的字母组合.cpp in Sources */ = {isa = PBXBuildFile; fileRef = 49D8D57224BBE7EA0094992C /* 17电话号码的字母组合.cpp */; };
		49D8D57524BBEB5A0094992C /* 79单词搜索.cpp in Sources */ = {isa = PBXBuildFile; fileRef = 49D8D57424BBEB5A0094992C /* 79单词搜索.cpp */; };
		49D8D57B24BC79990094992C /* 287寻找重复数.cpp in Sources */ = {isa = PBXBuildFile; fileRef = 49D8D57A24BC79990094992C /* 287寻找重复数.cpp */; };
		49D8D57D24BC81BB0094992C /* 34在排序数组中查找元素的第一个和最后一个位置.cpp in Sources */ = {isa = PBXBuildFile; fileRef = 49D8D57C24BC81BB0094992C /* 34在排序数组中查找元素的第一个和最后一个位置.cpp */; };
		49EC0C7C24DFAD92001B370B /* 179最大数.cpp in Sources */ = {isa = PBXBuildFile; fileRef = 49EC0C7B24DFAD92001B370B /* 179最大数.cpp */; };
		49EC0C7E24DFCBA4001B370B /* 187重复的DNA序列.cpp in Sources */ = {isa = PBXBuildFile; fileRef = 49EC0C7D24DFCBA4001B370B /* 187重复的DNA序列.cpp */; };
		49EC0C8024DFD605001B370B /* 200岛屿数量.cpp in Sources */ = {isa = PBXBuildFile; fileRef = 49EC0C7F24DFD605001B370B /* 200岛屿数量.cpp */; };
		49EC0C8224DFE280001B370B /* 201数字范围按位与.cpp in Sources */ = {isa = PBXBuildFile; fileRef = 49EC0C8124DFE280001B370B /* 201数字范围按位与.cpp */; };
		49EC0C8424DFEAD5001B370B /* 207课程表.cpp in Sources */ = {isa = PBXBuildFile; fileRef = 49EC0C8324DFEAD5001B370B /* 207课程表.cpp */; };
		49F2F4082457B0BE002D9D17 /* 543二叉树的直径.cpp in Sources */ = {isa = PBXBuildFile; fileRef = 49F2F4072457B0BE002D9D17 /* 543二叉树的直径.cpp */; };
		49FA9FEA24C1D4F500B6E475 /* 4寻找两个正序数组的中位数.cpp in Sources */ = {isa = PBXBuildFile; fileRef = 49FA9FE924C1D4F500B6E475 /* 4寻找两个正序数组的中位数.cpp */; };
		49FBACC824503F7800D62B36 /* 437路径总和 III.cpp in Sources */ = {isa = PBXBuildFile; fileRef = 49FBACC724503F7800D62B36 /* 437路径总和 III.cpp */; };
/* End PBXBuildFile section */

/* Begin PBXCopyFilesBuildPhase section */
		49447690242AF67300432797 /* CopyFiles */ = {
			isa = PBXCopyFilesBuildPhase;
			buildActionMask = 2147483647;
			dstPath = /usr/share/man/man1/;
			dstSubfolderSpec = 0;
			files = (
			);
			runOnlyForDeploymentPostprocessing = 1;
		};
/* End PBXCopyFilesBuildPhase section */

/* Begin PBXFileReference section */
		490CF7E124CD46E600317B14 /* 52N皇后 II.cpp */ = {isa = PBXFileReference; lastKnownFileType = sourcecode.cpp.cpp; path = "52N皇后 II.cpp"; sourceTree = "<group>"; };
		490CF7E324CD4A1100317B14 /* 54螺旋矩阵.cpp */ = {isa = PBXFileReference; lastKnownFileType = sourcecode.cpp.cpp; path = "54螺旋矩阵.cpp"; sourceTree = "<group>"; };
		490CF7E624CD542E00317B14 /* 59螺旋矩阵 II.cpp */ = {isa = PBXFileReference; lastKnownFileType = sourcecode.cpp.cpp; path = "59螺旋矩阵 II.cpp"; sourceTree = "<group>"; };
		490CF7E824CD585200317B14 /* 55跳跃游戏.cpp */ = {isa = PBXFileReference; lastKnownFileType = sourcecode.cpp.cpp; path = "55跳跃游戏.cpp"; sourceTree = "<group>"; };
		490CF7EA24CD5F1A00317B14 /* 58最后一个单词的长度.cpp */ = {isa = PBXFileReference; lastKnownFileType = sourcecode.cpp.cpp; path = "58最后一个单词的长度.cpp"; sourceTree = "<group>"; };
		490CF7EC24CD610600317B14 /* 66加一.cpp */ = {isa = PBXFileReference; lastKnownFileType = sourcecode.cpp.cpp; path = "66加一.cpp"; sourceTree = "<group>"; };
		490CF7EE24CD767800317B14 /* 67二进制求和.cpp */ = {isa = PBXFileReference; lastKnownFileType = sourcecode.cpp.cpp; path = "67二进制求和.cpp"; sourceTree = "<group>"; };
		490CF7F024CD7B3900317B14 /* 83删除排序链表中的重复元素.cpp */ = {isa = PBXFileReference; lastKnownFileType = sourcecode.cpp.cpp; path = "83删除排序链表中的重复元素.cpp"; sourceTree = "<group>"; };
		490CF7F224CD7EAD00317B14 /* 88合并两个有序数组.cpp */ = {isa = PBXFileReference; lastKnownFileType = sourcecode.cpp.cpp; path = "88合并两个有序数组.cpp"; sourceTree = "<group>"; };
		490CF7F424CD82F200317B14 /* 56合并区间.cpp */ = {isa = PBXFileReference; lastKnownFileType = sourcecode.cpp.cpp; path = "56合并区间.cpp"; sourceTree = "<group>"; };
		490CF7F624CD880500317B14 /* 60第k个排列.cpp */ = {isa = PBXFileReference; lastKnownFileType = sourcecode.cpp.cpp; path = "60第k个排列.cpp"; sourceTree = "<group>"; };
		490E1FD2249CAA410023D01C /* 70爬楼梯.cpp */ = {isa = PBXFileReference; lastKnownFileType = sourcecode.cpp.cpp; path = "70爬楼梯.cpp"; sourceTree = "<group>"; };
		4917C353245D453500D3EE28 /* 3无重复字符的最长子串.cpp */ = {isa = PBXFileReference; lastKnownFileType = sourcecode.cpp.cpp; path = "3无重复字符的最长子串.cpp"; sourceTree = "<group>"; };
		4917C357245D4F7A00D3EE28 /* 21合并两个有序链表.cpp */ = {isa = PBXFileReference; lastKnownFileType = sourcecode.cpp.cpp; path = "21合并两个有序链表.cpp"; sourceTree = "<group>"; };
		4917C359245D64D300D3EE28 /* 337打家劫舍 III.cpp */ = {isa = PBXFileReference; lastKnownFileType = sourcecode.cpp.cpp; path = "337打家劫舍 III.cpp"; sourceTree = "<group>"; };
		4917C35B245D6D0800D3EE28 /* 297二叉树的序列化与反序列化.cpp */ = {isa = PBXFileReference; lastKnownFileType = sourcecode.cpp.cpp; path = "297二叉树的序列化与反序列化.cpp"; sourceTree = "<group>"; };
		4917C35D245D9C7A00D3EE28 /* 148排序链表.cpp */ = {isa = PBXFileReference; lastKnownFileType = sourcecode.cpp.cpp; path = "148排序链表.cpp"; sourceTree = "<group>"; };
		4917C35F245D9EEB00D3EE28 /* 19删除链表的倒数第N个节点.cpp */ = {isa = PBXFileReference; lastKnownFileType = sourcecode.cpp.cpp; path = "19删除链表的倒数第N个节点.cpp"; sourceTree = "<group>"; };
		4917C361245DA35900D3EE28 /* 234回文链表.cpp */ = {isa = PBXFileReference; lastKnownFileType = sourcecode.cpp.cpp; path = "234回文链表.cpp"; sourceTree = "<group>"; };
		4917C363245DB67D00D3EE28 /* 141环形链表.cpp */ = {isa = PBXFileReference; lastKnownFileType = sourcecode.cpp.cpp; path = "141环形链表.cpp"; sourceTree = "<group>"; };
		4917C365245DB93900D3EE28 /* 142环形链表 II.cpp */ = {isa = PBXFileReference; lastKnownFileType = sourcecode.cpp.cpp; path = "142环形链表 II.cpp"; sourceTree = "<group>"; };
		491C50F524643EAF00A7E504 /* 494目标和.cpp */ = {isa = PBXFileReference; lastKnownFileType = sourcecode.cpp.cpp; path = "494目标和.cpp"; sourceTree = "<group>"; };
		493AC5B1244726890007341E /* 105从前序与中序遍历序列构造二叉树.cpp */ = {isa = PBXFileReference; lastKnownFileType = sourcecode.cpp.cpp; path = "105从前序与中序遍历序列构造二叉树.cpp"; sourceTree = "<group>"; };
		493BF9C924565E2B00FE126F /* 538把二叉搜索树转换为累加树.cpp */ = {isa = PBXFileReference; lastKnownFileType = sourcecode.cpp.cpp; path = "538把二叉搜索树转换为累加树.cpp"; sourceTree = "<group>"; };
		49421FC5244FC52C00F6C511 /* 124二叉树中的最大路径和.cpp */ = {isa = PBXFileReference; lastKnownFileType = sourcecode.cpp.cpp; path = "124二叉树中的最大路径和.cpp"; sourceTree = "<group>"; };
		49421FC7244FDAF500F6C511 /* 226翻转二叉树.cpp */ = {isa = PBXFileReference; lastKnownFileType = sourcecode.cpp.cpp; path = "226翻转二叉树.cpp"; sourceTree = "<group>"; };
		49447692242AF67300432797 /* RanLeetCode */ = {isa = PBXFileReference; explicitFileType = "compiled.mach-o.executable"; includeInIndex = 0; path = RanLeetCode; sourceTree = BUILT_PRODUCTS_DIR; };
		49447695242AF67300432797 /* main.m */ = {isa = PBXFileReference; lastKnownFileType = sourcecode.c.objc; path = main.m; sourceTree = "<group>"; };
		494476A2242B4FD800432797 /* 206反转链表.cpp */ = {isa = PBXFileReference; lastKnownFileType = sourcecode.cpp.cpp; path = "206反转链表.cpp"; sourceTree = "<group>"; };
		494476A6242B82B000432797 /* 300最长上升子序列.cpp */ = {isa = PBXFileReference; lastKnownFileType = sourcecode.cpp.cpp; path = "300最长上升子序列.cpp"; sourceTree = "<group>"; };
		49449CBE249620AE0034654A /* 221最大正方形.cpp */ = {isa = PBXFileReference; lastKnownFileType = sourcecode.cpp.cpp; path = "221最大正方形.cpp"; sourceTree = "<group>"; };
		49449CC1249625910034654A /* 1冒泡排序.cpp */ = {isa = PBXFileReference; lastKnownFileType = sourcecode.cpp.cpp; path = "1冒泡排序.cpp"; sourceTree = "<group>"; };
		49449CC324962C7D0034654A /* 2选择排序cpp */ = {isa = PBXFileReference; lastKnownFileType = text; path = "2选择排序cpp"; sourceTree = "<group>"; };
		49449CC52496319F0034654A /* 3插入排序.cpp */ = {isa = PBXFileReference; lastKnownFileType = sourcecode.cpp.cpp; path = "3插入排序.cpp"; sourceTree = "<group>"; };
		494EE31F2458FFA3004648E0 /* 617合并二叉树.cpp */ = {isa = PBXFileReference; lastKnownFileType = sourcecode.cpp.cpp; path = "617合并二叉树.cpp"; sourceTree = "<group>"; };
		494EE3212459B4FA004648E0 /* 236二叉树的最近公共祖先.cpp */ = {isa = PBXFileReference; lastKnownFileType = sourcecode.cpp.cpp; path = "236二叉树的最近公共祖先.cpp"; sourceTree = "<group>"; };
		494F552D245EAD4C0070C302 /* 53最大子序和.cpp */ = {isa = PBXFileReference; lastKnownFileType = sourcecode.cpp.cpp; path = "53最大子序和.cpp"; sourceTree = "<group>"; };
		494F552F245EB1440070C302 /* 160相交链表.cpp */ = {isa = PBXFileReference; lastKnownFileType = sourcecode.cpp.cpp; path = "160相交链表.cpp"; sourceTree = "<group>"; };
		4955577A24639207004DC4BE /* 572另一个树的子树.cpp */ = {isa = PBXFileReference; lastKnownFileType = sourcecode.cpp.cpp; path = "572另一个树的子树.cpp"; sourceTree = "<group>"; };
		49681327242D93960060A219 /* 其他笔记.txt */ = {isa = PBXFileReference; lastKnownFileType = text; path = "其他笔记.txt"; sourceTree = "<group>"; };
		49681328242D93960060A219 /* 基本语法.txt */ = {isa = PBXFileReference; lastKnownFileType = text; path = "基本语法.txt"; sourceTree = "<group>"; };
		49681329242D943C0060A219 /* 通用套路.md */ = {isa = PBXFileReference; lastKnownFileType = net.daringfireball.markdown; path = "通用套路.md"; sourceTree = "<group>"; };
		49681330242D9A920060A219 /* common.h */ = {isa = PBXFileReference; lastKnownFileType = sourcecode.c.h; path = common.h; sourceTree = "<group>"; };
		4969DC0E24DC1DEF00241CCE /* 172阶乘后的零.cpp */ = {isa = PBXFileReference; lastKnownFileType = sourcecode.cpp.cpp; path = "172阶乘后的零.cpp"; sourceTree = "<group>"; };
		4969DC1024DC209500241CCE /* 189旋转数组.cpp */ = {isa = PBXFileReference; lastKnownFileType = sourcecode.cpp.cpp; path = "189旋转数组.cpp"; sourceTree = "<group>"; };
		4969DC1224DC29AF00241CCE /* 190颠倒二进制位.cpp */ = {isa = PBXFileReference; lastKnownFileType = sourcecode.cpp.cpp; path = "190颠倒二进制位.cpp"; sourceTree = "<group>"; };
		4969DC1424DC2D9200241CCE /* 191位1的个数.cpp */ = {isa = PBXFileReference; lastKnownFileType = sourcecode.cpp.cpp; path = "191位1的个数.cpp"; sourceTree = "<group>"; };
		4969DC1624DC313E00241CCE /* 203移除链表元素.cpp */ = {isa = PBXFileReference; lastKnownFileType = sourcecode.cpp.cpp; path = "203移除链表元素.cpp"; sourceTree = "<group>"; };
		4969DC1824DC33BB00241CCE /* 204计数质数.cpp */ = {isa = PBXFileReference; lastKnownFileType = sourcecode.cpp.cpp; path = "204计数质数.cpp"; sourceTree = "<group>"; };
		4969DC1A24DC3E1A00241CCE /* 205同构字符串.cpp */ = {isa = PBXFileReference; lastKnownFileType = sourcecode.cpp.cpp; path = "205同构字符串.cpp"; sourceTree = "<group>"; };
		49709CB524DE92CE009C378F /* 209长度最小的子数组.cpp */ = {isa = PBXFileReference; lastKnownFileType = sourcecode.cpp.cpp; path = "209长度最小的子数组.cpp"; sourceTree = "<group>"; };
		49709CB724DEA0BA009C378F /* 153寻找旋转排序数组中的最小值.cpp */ = {isa = PBXFileReference; lastKnownFileType = sourcecode.cpp.cpp; path = "153寻找旋转排序数组中的最小值.cpp"; sourceTree = "<group>"; };
		49709CB924DEA4C2009C378F /* 154寻找旋转排序数组中的最小值 II.cpp */ = {isa = PBXFileReference; lastKnownFileType = sourcecode.cpp.cpp; path = "154寻找旋转排序数组中的最小值 II.cpp"; sourceTree = "<group>"; };
		49709CBB24DEAD59009C378F /* 162寻找峰值.cpp */ = {isa = PBXFileReference; lastKnownFileType = sourcecode.cpp.cpp; path = "162寻找峰值.cpp"; sourceTree = "<group>"; };
		49709CBD24DEC187009C378F /* 165比较版本号.cpp */ = {isa = PBXFileReference; lastKnownFileType = sourcecode.cpp.cpp; path = "165比较版本号.cpp"; sourceTree = "<group>"; };
		49709CBF24DEC707009C378F /* 166分数到小数.cpp */ = {isa = PBXFileReference; lastKnownFileType = sourcecode.cpp.cpp; path = "166分数到小数.cpp"; sourceTree = "<group>"; };
		4971EFFF243D58BE00869D4B /* 94二叉树的中序遍历.cpp */ = {isa = PBXFileReference; lastKnownFileType = sourcecode.cpp.cpp; path = "94二叉树的中序遍历.cpp"; sourceTree = "<group>"; };
		4971F001243D5DBA00869D4B /* 96不同的二叉搜索树.cpp */ = {isa = PBXFileReference; lastKnownFileType = sourcecode.cpp.cpp; path = "96不同的二叉搜索树.cpp"; sourceTree = "<group>"; };
		4971F003243DF2A800869D4B /* 98验证二叉搜索树.cpp */ = {isa = PBXFileReference; lastKnownFileType = sourcecode.cpp.cpp; path = "98验证二叉搜索树.cpp"; sourceTree = "<group>"; };
		4979DD1524C2DC8600A2B8E0 /* 75颜色分类.cpp */ = {isa = PBXFileReference; lastKnownFileType = sourcecode.cpp.cpp; path = "75颜色分类.cpp"; sourceTree = "<group>"; };
		4979DD1724C2E07000A2B8E0 /* 15三数之和.cpp */ = {isa = PBXFileReference; lastKnownFileType = sourcecode.cpp.cpp; path = "15三数之和.cpp"; sourceTree = "<group>"; };
		4979DD1924C2FD1C00A2B8E0 /* 76最小覆盖子串.cpp */ = {isa = PBXFileReference; lastKnownFileType = sourcecode.cpp.cpp; path = "76最小覆盖子串.cpp"; sourceTree = "<group>"; };
		4979DD1B24C319D800A2B8E0 /* 567字符串的排列.cpp */ = {isa = PBXFileReference; lastKnownFileType = sourcecode.cpp.cpp; path = "567字符串的排列.cpp"; sourceTree = "<group>"; };
		4979DD1E24C32DF500A2B8E0 /* 461汉明距离.cpp */ = {isa = PBXFileReference; lastKnownFileType = sourcecode.cpp.cpp; path = "461汉明距离.cpp"; sourceTree = "<group>"; };
		4979DD2024C32F5300A2B8E0 /* 136只出现一次的数字.cpp */ = {isa = PBXFileReference; lastKnownFileType = sourcecode.cpp.cpp; path = "136只出现一次的数字.cpp"; sourceTree = "<group>"; };
		4979DD2224C3329900A2B8E0 /* 448找到所有数组中消失的数字.cpp */ = {isa = PBXFileReference; lastKnownFileType = sourcecode.cpp.cpp; path = "448找到所有数组中消失的数字.cpp"; sourceTree = "<group>"; };
		497B182E24C52BE800E9ED76 /* 24两两交换链表中的节点.cpp */ = {isa = PBXFileReference; lastKnownFileType = sourcecode.cpp.cpp; path = "24两两交换链表中的节点.cpp"; sourceTree = "<group>"; };
		49839C9124C676BE00EDDD75 /* 29两数相除.cpp */ = {isa = PBXFileReference; lastKnownFileType = sourcecode.cpp.cpp; path = "29两数相除.cpp"; sourceTree = "<group>"; };
		49860FA724C40091008DC45E /* 6Z 字形变换.cpp */ = {isa = PBXFileReference; lastKnownFileType = sourcecode.cpp.cpp; path = "6Z 字形变换.cpp"; sourceTree = "<group>"; };
		49860FAA24C41120008DC45E /* 9回文数.cpp */ = {isa = PBXFileReference; lastKnownFileType = sourcecode.cpp.cpp; path = "9回文数.cpp"; sourceTree = "<group>"; };
		49860FAC24C4180F008DC45E /* 14最长公共前缀.cpp */ = {isa = PBXFileReference; lastKnownFileType = sourcecode.cpp.cpp; path = "14最长公共前缀.cpp"; sourceTree = "<group>"; };
		49860FB024C41DFB008DC45E /* 26删除排序数组中的重复项.cpp */ = {isa = PBXFileReference; lastKnownFileType = sourcecode.cpp.cpp; path = "26删除排序数组中的重复项.cpp"; sourceTree = "<group>"; };
		49860FB224C4259E008DC45E /* 27移除元素.cpp */ = {isa = PBXFileReference; lastKnownFileType = sourcecode.cpp.cpp; path = "27移除元素.cpp"; sourceTree = "<group>"; };
		49860FB424C42CCB008DC45E /* 28实现 strStr().cpp */ = {isa = PBXFileReference; lastKnownFileType = sourcecode.cpp.cpp; path = "28实现 strStr().cpp"; sourceTree = "<group>"; };
		49860FB624C432FC008DC45E /* 38外观数列.cpp */ = {isa = PBXFileReference; lastKnownFileType = sourcecode.cpp.cpp; path = "38外观数列.cpp"; sourceTree = "<group>"; };
		49860FB824C43CFF008DC45E /* 12整数转罗马数字.cpp */ = {isa = PBXFileReference; lastKnownFileType = sourcecode.cpp.cpp; path = "12整数转罗马数字.cpp"; sourceTree = "<group>"; };
		49860FBA24C43DAC008DC45E /* 13罗马数字转整数.cpp */ = {isa = PBXFileReference; lastKnownFileType = sourcecode.cpp.cpp; path = "13罗马数字转整数.cpp"; sourceTree = "<group>"; };
		4990D9E7243F1AB900EE91CF /* 101对称二叉树.cpp */ = {isa = PBXFileReference; lastKnownFileType = sourcecode.cpp.cpp; path = "101对称二叉树.cpp"; sourceTree = "<group>"; };
		4990D9E9243F222900EE91CF /* 102二叉树的层序遍历.cpp */ = {isa = PBXFileReference; lastKnownFileType = sourcecode.cpp.cpp; path = "102二叉树的层序遍历.cpp"; sourceTree = "<group>"; };
		4990D9EB243F404500EE91CF /* 104二叉树的最大深度.cpp */ = {isa = PBXFileReference; lastKnownFileType = sourcecode.cpp.cpp; path = "104二叉树的最大深度.cpp"; sourceTree = "<group>"; };
		49940A9624A05ED70087ACA7 /* 20有效的括号.cpp */ = {isa = PBXFileReference; lastKnownFileType = sourcecode.cpp.cpp; path = "20有效的括号.cpp"; sourceTree = "<group>"; };
		49951BE224D8F3FA004B11A3 /* 167两数之和 II - 输入有序数组.cpp */ = {isa = PBXFileReference; lastKnownFileType = sourcecode.cpp.cpp; path = "167两数之和 II - 输入有序数组.cpp"; sourceTree = "<group>"; };
		49951BE424D8F58C004B11A3 /* 168Excel表列名称.cpp */ = {isa = PBXFileReference; lastKnownFileType = sourcecode.cpp.cpp; path = "168Excel表列名称.cpp"; sourceTree = "<group>"; };
		4998A459244D8387003CCE0B /* 114二叉树展开为链表.cpp */ = {isa = PBXFileReference; lastKnownFileType = sourcecode.cpp.cpp; path = "114二叉树展开为链表.cpp"; sourceTree = "<group>"; };
		499C4AFB249F51B800A34D65 /* 10正则表达式匹配.cpp */ = {isa = PBXFileReference; lastKnownFileType = sourcecode.cpp.cpp; path = "10正则表达式匹配.cpp"; sourceTree = "<group>"; };
		499C4AFD249F547800A34D65 /* 85最大矩形.cpp */ = {isa = PBXFileReference; lastKnownFileType = sourcecode.cpp.cpp; path = "85最大矩形.cpp"; sourceTree = "<group>"; };
		499C4AFF249F592D00A34D65 /* 338比特位计数.cpp */ = {isa = PBXFileReference; lastKnownFileType = sourcecode.cpp.cpp; path = "338比特位计数.cpp"; sourceTree = "<group>"; };
		499C4B03249F927100A34D65 /* 283移动零.cpp */ = {isa = PBXFileReference; lastKnownFileType = sourcecode.cpp.cpp; path = "283移动零.cpp"; sourceTree = "<group>"; };
		499C4B06249F9A0D00A34D65 /* 155最小栈.cpp */ = {isa = PBXFileReference; lastKnownFileType = sourcecode.cpp.cpp; path = "155最小栈.cpp"; sourceTree = "<group>"; };
		499FA0B324D51BC300898039 /* 61旋转链表.cpp */ = {isa = PBXFileReference; lastKnownFileType = sourcecode.cpp.cpp; path = "61旋转链表.cpp"; sourceTree = "<group>"; };
		499FA0B524D522F000898039 /* 63不同路径 II.cpp */ = {isa = PBXFileReference; lastKnownFileType = sourcecode.cpp.cpp; path = "63不同路径 II.cpp"; sourceTree = "<group>"; };
		499FA0B724D5276A00898039 /* 71简化路径.cpp */ = {isa = PBXFileReference; lastKnownFileType = sourcecode.cpp.cpp; path = "71简化路径.cpp"; sourceTree = "<group>"; };
		499FA0B924D5286400898039 /* 73矩阵置零.cpp */ = {isa = PBXFileReference; lastKnownFileType = sourcecode.cpp.cpp; path = "73矩阵置零.cpp"; sourceTree = "<group>"; };
		499FA0BB24D54F8300898039 /* 74搜索二维矩阵.cpp */ = {isa = PBXFileReference; lastKnownFileType = sourcecode.cpp.cpp; path = "74搜索二维矩阵.cpp"; sourceTree = "<group>"; };
		499FA0BD24D55C9300898039 /* 80删除排序数组中的重复项 II.cpp */ = {isa = PBXFileReference; lastKnownFileType = sourcecode.cpp.cpp; path = "80删除排序数组中的重复项 II.cpp"; sourceTree = "<group>"; };
		499FA0BF24D5606800898039 /* 81搜索旋转排序数组 II.cpp */ = {isa = PBXFileReference; lastKnownFileType = sourcecode.cpp.cpp; path = "81搜索旋转排序数组 II.cpp"; sourceTree = "<group>"; };
		499FA0C124D5675000898039 /* 82删除排序链表中的重复元素 II.cpp */ = {isa = PBXFileReference; lastKnownFileType = sourcecode.cpp.cpp; path = "82删除排序链表中的重复元素 II.cpp"; sourceTree = "<group>"; };
		499FA0C324D56CC800898039 /* 86分隔链表.cpp */ = {isa = PBXFileReference; lastKnownFileType = sourcecode.cpp.cpp; path = "86分隔链表.cpp"; sourceTree = "<group>"; };
		499FA0C524D5957D00898039 /* 89格雷编码.cpp */ = {isa = PBXFileReference; lastKnownFileType = sourcecode.cpp.cpp; path = "89格雷编码.cpp"; sourceTree = "<group>"; };
		499FA0C724D59DA200898039 /* 90子集 II.cpp */ = {isa = PBXFileReference; lastKnownFileType = sourcecode.cpp.cpp; path = "90子集 II.cpp"; sourceTree = "<group>"; };
		499FA0C924D5A0BF00898039 /* 91解码方法.cpp */ = {isa = PBXFileReference; lastKnownFileType = sourcecode.cpp.cpp; path = "91解码方法.cpp"; sourceTree = "<group>"; };
		499FA0CB24D5A9E800898039 /* 92反转链表 II.cpp */ = {isa = PBXFileReference; lastKnownFileType = sourcecode.cpp.cpp; path = "92反转链表 II.cpp"; sourceTree = "<group>"; };
		49A0334224790C28005CCB85 /* 279完全平方数.cpp */ = {isa = PBXFileReference; lastKnownFileType = sourcecode.cpp.cpp; path = "279完全平方数.cpp"; sourceTree = "<group>"; };
		49A03344247910A2005CCB85 /* 647回文子串.cpp */ = {isa = PBXFileReference; lastKnownFileType = sourcecode.cpp.cpp; path = "647回文子串.cpp"; sourceTree = "<group>"; };
		49A0334624791A93005CCB85 /* 64最小路径和.cpp */ = {isa = PBXFileReference; lastKnownFileType = sourcecode.cpp.cpp; path = "64最小路径和.cpp"; sourceTree = "<group>"; };
		49A0334824791D25005CCB85 /* 152乘积最大子数组.cpp */ = {isa = PBXFileReference; lastKnownFileType = sourcecode.cpp.cpp; path = "152乘积最大子数组.cpp"; sourceTree = "<group>"; };
		49A05FCB245FD8BB00A71560 /* 198打家劫舍.cpp */ = {isa = PBXFileReference; lastKnownFileType = sourcecode.cpp.cpp; path = "198打家劫舍.cpp"; sourceTree = "<group>"; };
		49A05FCD245FDC6000A71560 /* 213打家劫舍 II.cpp */ = {isa = PBXFileReference; lastKnownFileType = sourcecode.cpp.cpp; path = "213打家劫舍 II.cpp"; sourceTree = "<group>"; };
		49A05FCF245FEB2F00A71560 /* 121买卖股票的最佳时机.cpp */ = {isa = PBXFileReference; lastKnownFileType = sourcecode.cpp.cpp; path = "121买卖股票的最佳时机.cpp"; sourceTree = "<group>"; };
		49A05FD1245FEDD900A71560 /* 122买卖股票的最佳时机 II.cpp */ = {isa = PBXFileReference; lastKnownFileType = sourcecode.cpp.cpp; path = "122买卖股票的最佳时机 II.cpp"; sourceTree = "<group>"; };
		49A05FD3246003B100A71560 /* 123买卖股票的最佳时机 III.cpp */ = {isa = PBXFileReference; lastKnownFileType = sourcecode.cpp.cpp; path = "123买卖股票的最佳时机 III.cpp"; sourceTree = "<group>"; };
		49A05FD5246008AD00A71560 /* 188买卖股票的最佳时机 IV.cpp */ = {isa = PBXFileReference; lastKnownFileType = sourcecode.cpp.cpp; path = "188买卖股票的最佳时机 IV.cpp"; sourceTree = "<group>"; };
		49A05FD724600BA100A71560 /* 309最佳买卖股票时机含冷冻期.cpp */ = {isa = PBXFileReference; lastKnownFileType = sourcecode.cpp.cpp; path = "309最佳买卖股票时机含冷冻期.cpp"; sourceTree = "<group>"; };
		49A05FD924600BB400A71560 /* 714买卖股票的最佳时机含手续费.cpp */ = {isa = PBXFileReference; lastKnownFileType = sourcecode.cpp.cpp; path = "714买卖股票的最佳时机含手续费.cpp"; sourceTree = "<group>"; };
		49A05FDB246015DA00A71560 /* 322零钱兑换.cpp */ = {isa = PBXFileReference; lastKnownFileType = sourcecode.cpp.cpp; path = "322零钱兑换.cpp"; sourceTree = "<group>"; };
		49A05FDD246015F200A71560 /* 518零钱兑换 II.cpp */ = {isa = PBXFileReference; lastKnownFileType = sourcecode.cpp.cpp; path = "518零钱兑换 II.cpp"; sourceTree = "<group>"; };
		49A0FD4B2462EBD200FFDEC5 /* 983最低票价.cpp */ = {isa = PBXFileReference; lastKnownFileType = sourcecode.cpp.cpp; path = "983最低票价.cpp"; sourceTree = "<group>"; };
		49A0FD4D2462EFA000FFDEC5 /* 139单词拆分.cpp */ = {isa = PBXFileReference; lastKnownFileType = sourcecode.cpp.cpp; path = "139单词拆分.cpp"; sourceTree = "<group>"; };
		49A0FD4F2462F87C00FFDEC5 /* 62不同路径.cpp */ = {isa = PBXFileReference; lastKnownFileType = sourcecode.cpp.cpp; path = "62不同路径.cpp"; sourceTree = "<group>"; };
		49A7D60B24614F3000B93710 /* 1143最长公共子序列.cpp */ = {isa = PBXFileReference; lastKnownFileType = sourcecode.cpp.cpp; path = "1143最长公共子序列.cpp"; sourceTree = "<group>"; };
		49A7D60E246160D600B93710 /* 5最长回文子串.cpp */ = {isa = PBXFileReference; lastKnownFileType = sourcecode.cpp.cpp; path = "5最长回文子串.cpp"; sourceTree = "<group>"; };
		49A7D610246168AD00B93710 /* 516最长回文子序列.cpp */ = {isa = PBXFileReference; lastKnownFileType = sourcecode.cpp.cpp; path = "516最长回文子序列.cpp"; sourceTree = "<group>"; };
		49AADF0C24C6D89A00DE5DD6 /* 35搜索插入位置.cpp */ = {isa = PBXFileReference; lastKnownFileType = sourcecode.cpp.cpp; path = "35搜索插入位置.cpp"; sourceTree = "<group>"; };
		49AADF0E24C6DEE300DE5DD6 /* 31下一个排列.cpp */ = {isa = PBXFileReference; lastKnownFileType = sourcecode.cpp.cpp; path = "31下一个排列.cpp"; sourceTree = "<group>"; };
		49B3BFD524D699D200FE2FE7 /* 93复原IP地址.cpp */ = {isa = PBXFileReference; lastKnownFileType = sourcecode.cpp.cpp; path = "93复原IP地址.cpp"; sourceTree = "<group>"; };
		49B3BFD724D6A00000FE2FE7 /* 95不同的二叉搜索树 II.cpp */ = {isa = PBXFileReference; lastKnownFileType = sourcecode.cpp.cpp; path = "95不同的二叉搜索树 II.cpp"; sourceTree = "<group>"; };
		49B3BFD924D6A4F900FE2FE7 /* 118杨辉三角.cpp */ = {isa = PBXFileReference; lastKnownFileType = sourcecode.cpp.cpp; path = "118杨辉三角.cpp"; sourceTree = "<group>"; };
		49B3BFDB24D6A52C00FE2FE7 /* 119杨辉三角.cpp */ = {isa = PBXFileReference; lastKnownFileType = sourcecode.cpp.cpp; path = "119杨辉三角.cpp"; sourceTree = "<group>"; };
		49B3BFDD24D6B48400FE2FE7 /* 120三角形最小路径和.cpp */ = {isa = PBXFileReference; lastKnownFileType = sourcecode.cpp.cpp; path = "120三角形最小路径和.cpp"; sourceTree = "<group>"; };
		49B3BFDF24D6BC2500FE2FE7 /* 125验证回文串.cpp */ = {isa = PBXFileReference; lastKnownFileType = sourcecode.cpp.cpp; path = "125验证回文串.cpp"; sourceTree = "<group>"; };
		49B3BFE124D6CC5F00FE2FE7 /* 127单词接龙.cpp */ = {isa = PBXFileReference; lastKnownFileType = sourcecode.cpp.cpp; path = "127单词接龙.cpp"; sourceTree = "<group>"; };
		49B3BFE324D6CE3900FE2FE7 /* 137只出现一次的数字 II.cpp */ = {isa = PBXFileReference; lastKnownFileType = sourcecode.cpp.cpp; path = "137只出现一次的数字 II.cpp"; sourceTree = "<group>"; };
		49B3BFE524D6D58100FE2FE7 /* 151翻转字符串里的单词.cpp */ = {isa = PBXFileReference; lastKnownFileType = sourcecode.cpp.cpp; path = "151翻转字符串里的单词.cpp"; sourceTree = "<group>"; };
		49BB4F4024665148009BA8BD /* 69x 的平方根.cpp */ = {isa = PBXFileReference; lastKnownFileType = sourcecode.cpp.cpp; path = "69x 的平方根.cpp"; sourceTree = "<group>"; };
		49C3E6BE24C449040093A556 /* 16最接近的三数之和.cpp */ = {isa = PBXFileReference; lastKnownFileType = sourcecode.cpp.cpp; path = "16最接近的三数之和.cpp"; sourceTree = "<group>"; };
		49C3E6C024C453480093A556 /* 18四数之和.cpp */ = {isa = PBXFileReference; lastKnownFileType = sourcecode.cpp.cpp; path = "18四数之和.cpp"; sourceTree = "<group>"; };
		49C5AFF124BF1FDE00E20C20 /* 240搜索二维矩阵 II.cpp */ = {isa = PBXFileReference; lastKnownFileType = sourcecode.cpp.cpp; path = "240搜索二维矩阵 II.cpp"; sourceTree = "<group>"; };
		49C5AFF324BF210300E20C20 /* 33搜索旋转排序数组.cpp */ = {isa = PBXFileReference; lastKnownFileType = sourcecode.cpp.cpp; path = "33搜索旋转排序数组.cpp"; sourceTree = "<group>"; };
		49C8979124B863350006ACE3 /* 394字符串解码.cpp */ = {isa = PBXFileReference; lastKnownFileType = sourcecode.cpp.cpp; path = "394字符串解码.cpp"; sourceTree = "<group>"; };
		49C8979324B86BF20006ACE3 /* 739每日温度.cpp */ = {isa = PBXFileReference; lastKnownFileType = sourcecode.cpp.cpp; path = "739每日温度.cpp"; sourceTree = "<group>"; };
		49CB900724CB045300F64EF9 /* 36有效的数独.cpp */ = {isa = PBXFileReference; lastKnownFileType = sourcecode.cpp.cpp; path = "36有效的数独.cpp"; sourceTree = "<group>"; };
		49D1957324CBF03500CCD943 /* 40组合总和 II.cpp */ = {isa = PBXFileReference; lastKnownFileType = sourcecode.cpp.cpp; path = "40组合总和 II.cpp"; sourceTree = "<group>"; };
		49D1957524CC22E200CCD943 /* 43字符串相乘.cpp */ = {isa = PBXFileReference; lastKnownFileType = sourcecode.cpp.cpp; path = "43字符串相乘.cpp"; sourceTree = "<group>"; };
		49D1957724CC3D2F00CCD943 /* 47全排列 II.cpp */ = {isa = PBXFileReference; lastKnownFileType = sourcecode.cpp.cpp; path = "47全排列 II.cpp"; sourceTree = "<group>"; };
		49D1957924CC564300CCD943 /* 48旋转图像.cpp */ = {isa = PBXFileReference; lastKnownFileType = sourcecode.cpp.cpp; path = "48旋转图像.cpp"; sourceTree = "<group>"; };
		49D1957B24CC595900CCD943 /* 49字母异位词分组.cpp */ = {isa = PBXFileReference; lastKnownFileType = sourcecode.cpp.cpp; path = "49字母异位词分组.cpp"; sourceTree = "<group>"; };
		49D1957D24CC614500CCD943 /* 50Pow(x, n).cpp */ = {isa = PBXFileReference; lastKnownFileType = sourcecode.cpp.cpp; path = "50Pow(x, n).cpp"; sourceTree = "<group>"; };
		49D227BC24BAEBE500DD7652 /* 42接雨水.cpp */ = {isa = PBXFileReference; lastKnownFileType = sourcecode.cpp.cpp; path = "42接雨水.cpp"; sourceTree = "<group>"; };
		49D227BE24BAF5F500DD7652 /* 84柱状图中最大的矩形.cpp */ = {isa = PBXFileReference; lastKnownFileType = sourcecode.cpp.cpp; path = "84柱状图中最大的矩形.cpp"; sourceTree = "<group>"; };
		49D227C124BAFFFD00DD7652 /* 46全排列.cpp */ = {isa = PBXFileReference; lastKnownFileType = sourcecode.cpp.cpp; path = "46全排列.cpp"; sourceTree = "<group>"; };
		49D227C324BB064A00DD7652 /* 51N皇后.cpp */ = {isa = PBXFileReference; lastKnownFileType = sourcecode.cpp.cpp; path = "51N皇后.cpp"; sourceTree = "<group>"; };
		49D227C524BB195B00DD7652 /* 78子集.cpp */ = {isa = PBXFileReference; lastKnownFileType = sourcecode.cpp.cpp; path = "78子集.cpp"; sourceTree = "<group>"; };
		49D227C724BB1E0B00DD7652 /* 77组合.cpp */ = {isa = PBXFileReference; lastKnownFileType = sourcecode.cpp.cpp; path = "77组合.cpp"; sourceTree = "<group>"; };
		49D227C924BB20A200DD7652 /* 22括号生成.cpp */ = {isa = PBXFileReference; lastKnownFileType = sourcecode.cpp.cpp; path = "22括号生成.cpp"; sourceTree = "<group>"; };
		49D227CB24BB324900DD7652 /* 37解数独.cpp */ = {isa = PBXFileReference; lastKnownFileType = sourcecode.cpp.cpp; path = "37解数独.cpp"; sourceTree = "<group>"; };
		49D227CE24BB3A6500DD7652 /* 39组合总和.cpp */ = {isa = PBXFileReference; lastKnownFileType = sourcecode.cpp.cpp; path = "39组合总和.cpp"; sourceTree = "<group>"; };
		49D4024B242D90D700872376 /* 题目思路.md */ = {isa = PBXFileReference; lastKnownFileType = net.daringfireball.markdown; path = "题目思路.md"; sourceTree = "<group>"; };
		49D8D57224BBE7EA0094992C /* 17电话号码的字母组合.cpp */ = {isa = PBXFileReference; lastKnownFileType = sourcecode.cpp.cpp; path = "17电话号码的字母组合.cpp"; sourceTree = "<group>"; };
		49D8D57424BBEB5A0094992C /* 79单词搜索.cpp */ = {isa = PBXFileReference; lastKnownFileType = sourcecode.cpp.cpp; path = "79单词搜索.cpp"; sourceTree = "<group>"; };
		49D8D57A24BC79990094992C /* 287寻找重复数.cpp */ = {isa = PBXFileReference; lastKnownFileType = sourcecode.cpp.cpp; path = "287寻找重复数.cpp"; sourceTree = "<group>"; };
		49D8D57C24BC81BB0094992C /* 34在排序数组中查找元素的第一个和最后一个位置.cpp */ = {isa = PBXFileReference; lastKnownFileType = sourcecode.cpp.cpp; path = "34在排序数组中查找元素的第一个和最后一个位置.cpp"; sourceTree = "<group>"; };
		49EC0C7B24DFAD92001B370B /* 179最大数.cpp */ = {isa = PBXFileReference; lastKnownFileType = sourcecode.cpp.cpp; path = "179最大数.cpp"; sourceTree = "<group>"; };
		49EC0C7D24DFCBA4001B370B /* 187重复的DNA序列.cpp */ = {isa = PBXFileReference; lastKnownFileType = sourcecode.cpp.cpp; path = "187重复的DNA序列.cpp"; sourceTree = "<group>"; };
		49EC0C7F24DFD605001B370B /* 200岛屿数量.cpp */ = {isa = PBXFileReference; lastKnownFileType = sourcecode.cpp.cpp; path = "200岛屿数量.cpp"; sourceTree = "<group>"; };
		49EC0C8124DFE280001B370B /* 201数字范围按位与.cpp */ = {isa = PBXFileReference; lastKnownFileType = sourcecode.cpp.cpp; path = "201数字范围按位与.cpp"; sourceTree = "<group>"; };
		49EC0C8324DFEAD5001B370B /* 207课程表.cpp */ = {isa = PBXFileReference; lastKnownFileType = sourcecode.cpp.cpp; path = "207课程表.cpp"; sourceTree = "<group>"; };
		49F2F4072457B0BE002D9D17 /* 543二叉树的直径.cpp */ = {isa = PBXFileReference; lastKnownFileType = sourcecode.cpp.cpp; path = "543二叉树的直径.cpp"; sourceTree = "<group>"; };
		49FA9FE924C1D4F500B6E475 /* 4寻找两个正序数组的中位数.cpp */ = {isa = PBXFileReference; lastKnownFileType = sourcecode.cpp.cpp; path = "4寻找两个正序数组的中位数.cpp"; sourceTree = "<group>"; };
		49FBACC724503F7800D62B36 /* 437路径总和 III.cpp */ = {isa = PBXFileReference; lastKnownFileType = sourcecode.cpp.cpp; path = "437路径总和 III.cpp"; sourceTree = "<group>"; };
/* End PBXFileReference section */

/* Begin PBXFrameworksBuildPhase section */
		4944768F242AF67300432797 /* Frameworks */ = {
			isa = PBXFrameworksBuildPhase;
			buildActionMask = 2147483647;
			files = (
			);
			runOnlyForDeploymentPostprocessing = 0;
		};
/* End PBXFrameworksBuildPhase section */

/* Begin PBXGroup section */
		4917C355245D4E5D00D3EE28 /* 滑动窗口 */ = {
			isa = PBXGroup;
			children = (
				4917C353245D453500D3EE28 /* 3无重复字符的最长子串.cpp */,
				4979DD1924C2FD1C00A2B8E0 /* 76最小覆盖子串.cpp */,
				4979DD1B24C319D800A2B8E0 /* 567字符串的排列.cpp */,
			);
			path = "滑动窗口";
			sourceTree = "<group>";
		};
		4917C356245D4F5E00D3EE28 /* 链表 */ = {
			isa = PBXGroup;
			children = (
				4917C357245D4F7A00D3EE28 /* 21合并两个有序链表.cpp */,
				497B182E24C52BE800E9ED76 /* 24两两交换链表中的节点.cpp */,
				4917C35D245D9C7A00D3EE28 /* 148排序链表.cpp */,
				494476A2242B4FD800432797 /* 206反转链表.cpp */,
				4917C35F245D9EEB00D3EE28 /* 19删除链表的倒数第N个节点.cpp */,
				4917C361245DA35900D3EE28 /* 234回文链表.cpp */,
				4917C363245DB67D00D3EE28 /* 141环形链表.cpp */,
				4917C365245DB93900D3EE28 /* 142环形链表 II.cpp */,
				494F552F245EB1440070C302 /* 160相交链表.cpp */,
			);
			path = "链表";
			sourceTree = "<group>";
		};
		49447689242AF67300432797 = {
			isa = PBXGroup;
			children = (
				49447694242AF67300432797 /* RanLeetCode */,
				49447693242AF67300432797 /* Products */,
			);
			sourceTree = "<group>";
		};
		49447693242AF67300432797 /* Products */ = {
			isa = PBXGroup;
			children = (
				49447692242AF67300432797 /* RanLeetCode */,
			);
			name = Products;
			sourceTree = "<group>";
		};
		49447694242AF67300432797 /* RanLeetCode */ = {
			isa = PBXGroup;
			children = (
				4968132A242D94490060A219 /* 笔记 */,
				49860FAF24C41DB3008DC45E /* 数组 */,
				49860FAE24C41D75008DC45E /* 字符串 */,
				4979DD1D24C32DD000A2B8E0 /* 位操作 */,
				49BB4F3F24665108009BA8BD /* 数学 */,
				49449CC0249625700034654A /* 排序 */,
				499C4B05249F997800A34D65 /* 栈和队列 */,
				4917C356245D4F5E00D3EE28 /* 链表 */,
				4971EFFE243D589D00869D4B /* 树 */,
				49D227C024BAFCF700DD7652 /* 回溯算法 */,
				494F552C245EAD2B0070C302 /* 动态规划 */,
				49D8D57924BC79570094992C /* 二分查找 */,
				499C4B02249F924800A34D65 /* 双指针 */,
				4917C355245D4E5D00D3EE28 /* 滑动窗口 */,
				4968132B242D94BC0060A219 /* 其他类别 */,
			);
			path = RanLeetCode;
			sourceTree = "<group>";
		};
		49449CC0249625700034654A /* 排序 */ = {
			isa = PBXGroup;
			children = (
				49449CC1249625910034654A /* 1冒泡排序.cpp */,
				49449CC324962C7D0034654A /* 2选择排序cpp */,
				49449CC52496319F0034654A /* 3插入排序.cpp */,
			);
			path = "排序";
			sourceTree = "<group>";
		};
		494F552C245EAD2B0070C302 /* 动态规划 */ = {
			isa = PBXGroup;
			children = (
				49A05FC9245FD82A00A71560 /* 经典 */,
				49A05FCA245FD83800A71560 /* 其他 */,
			);
			path = "动态规划";
			sourceTree = "<group>";
		};
		4968132A242D94490060A219 /* 笔记 */ = {
			isa = PBXGroup;
			children = (
				49681330242D9A920060A219 /* common.h */,
				49447695242AF67300432797 /* main.m */,
				49D4024B242D90D700872376 /* 题目思路.md */,
				49681329242D943C0060A219 /* 通用套路.md */,
				49681328242D93960060A219 /* 基本语法.txt */,
				49681327242D93960060A219 /* 其他笔记.txt */,
			);
			path = "笔记";
			sourceTree = "<group>";
		};
		4968132B242D94BC0060A219 /* 其他类别 */ = {
			isa = PBXGroup;
			children = (
				49860FAC24C4180F008DC45E /* 14最长公共前缀.cpp */,
				49860FB424C42CCB008DC45E /* 28实现 strStr().cpp */,
				49860FB624C432FC008DC45E /* 38外观数列.cpp */,
				49860FB824C43CFF008DC45E /* 12整数转罗马数字.cpp */,
				49860FBA24C43DAC008DC45E /* 13罗马数字转整数.cpp */,
				49839C9124C676BE00EDDD75 /* 29两数相除.cpp */,
				49AADF0C24C6D89A00DE5DD6 /* 35搜索插入位置.cpp */,
				49AADF0E24C6DEE300DE5DD6 /* 31下一个排列.cpp */,
				49D1957524CC22E200CCD943 /* 43字符串相乘.cpp */,
				49D1957924CC564300CCD943 /* 48旋转图像.cpp */,
				49D1957B24CC595900CCD943 /* 49字母异位词分组.cpp */,
				49D1957D24CC614500CCD943 /* 50Pow(x, n).cpp */,
				490CF7E324CD4A1100317B14 /* 54螺旋矩阵.cpp */,
				490CF7E624CD542E00317B14 /* 59螺旋矩阵 II.cpp */,
				490CF7E824CD585200317B14 /* 55跳跃游戏.cpp */,
				490CF7EA24CD5F1A00317B14 /* 58最后一个单词的长度.cpp */,
				490CF7EC24CD610600317B14 /* 66加一.cpp */,
				490CF7EE24CD767800317B14 /* 67二进制求和.cpp */,
				490CF7F024CD7B3900317B14 /* 83删除排序链表中的重复元素.cpp */,
				490CF7F224CD7EAD00317B14 /* 88合并两个有序数组.cpp */,
				490CF7F424CD82F200317B14 /* 56合并区间.cpp */,
				490CF7F624CD880500317B14 /* 60第k个排列.cpp */,
				499FA0B324D51BC300898039 /* 61旋转链表.cpp */,
				499FA0B524D522F000898039 /* 63不同路径 II.cpp */,
				499FA0B724D5276A00898039 /* 71简化路径.cpp */,
				499FA0B924D5286400898039 /* 73矩阵置零.cpp */,
				499FA0BB24D54F8300898039 /* 74搜索二维矩阵.cpp */,
				499FA0BF24D5606800898039 /* 81搜索旋转排序数组 II.cpp */,
				499FA0C124D5675000898039 /* 82删除排序链表中的重复元素 II.cpp */,
				499FA0C324D56CC800898039 /* 86分隔链表.cpp */,
				499FA0C524D5957D00898039 /* 89格雷编码.cpp */,
				499FA0C724D59DA200898039 /* 90子集 II.cpp */,
				499FA0C924D5A0BF00898039 /* 91解码方法.cpp */,
				499FA0CB24D5A9E800898039 /* 92反转链表 II.cpp */,
				49B3BFD524D699D200FE2FE7 /* 93复原IP地址.cpp */,
				49B3BFD924D6A4F900FE2FE7 /* 118杨辉三角.cpp */,
				49B3BFDB24D6A52C00FE2FE7 /* 119杨辉三角.cpp */,
				49B3BFDD24D6B48400FE2FE7 /* 120三角形最小路径和.cpp */,
				49B3BFDF24D6BC2500FE2FE7 /* 125验证回文串.cpp */,
				49B3BFE124D6CC5F00FE2FE7 /* 127单词接龙.cpp */,
				49B3BFE324D6CE3900FE2FE7 /* 137只出现一次的数字 II.cpp */,
				49B3BFE524D6D58100FE2FE7 /* 151翻转字符串里的单词.cpp */,
				49951BE224D8F3FA004B11A3 /* 167两数之和 II - 输入有序数组.cpp */,
				49951BE424D8F58C004B11A3 /* 168Excel表列名称.cpp */,
				4969DC0E24DC1DEF00241CCE /* 172阶乘后的零.cpp */,
				4969DC1024DC209500241CCE /* 189旋转数组.cpp */,
				4969DC1224DC29AF00241CCE /* 190颠倒二进制位.cpp */,
				4969DC1424DC2D9200241CCE /* 191位1的个数.cpp */,
				4969DC1624DC313E00241CCE /* 203移除链表元素.cpp */,
				4969DC1824DC33BB00241CCE /* 204计数质数.cpp */,
				4969DC1A24DC3E1A00241CCE /* 205同构字符串.cpp */,
				49709CB524DE92CE009C378F /* 209长度最小的子数组.cpp */,
				49709CB724DEA0BA009C378F /* 153寻找旋转排序数组中的最小值.cpp */,
				49709CB924DEA4C2009C378F /* 154寻找旋转排序数组中的最小值 II.cpp */,
				49709CBB24DEAD59009C378F /* 162寻找峰值.cpp */,
				49709CBD24DEC187009C378F /* 165比较版本号.cpp */,
				49709CBF24DEC707009C378F /* 166分数到小数.cpp */,
				49EC0C7B24DFAD92001B370B /* 179最大数.cpp */,
				49EC0C7D24DFCBA4001B370B /* 187重复的DNA序列.cpp */,
				49EC0C7F24DFD605001B370B /* 200岛屿数量.cpp */,
				49EC0C8124DFE280001B370B /* 201数字范围按位与.cpp */,
				49EC0C8324DFEAD5001B370B /* 207课程表.cpp */,
			);
			path = "其他类别";
			sourceTree = "<group>";
		};
		4971EFFE243D589D00869D4B /* 树 */ = {
			isa = PBXGroup;
			children = (
				4971EFFF243D58BE00869D4B /* 94二叉树的中序遍历.cpp */,
				49B3BFD724D6A00000FE2FE7 /* 95不同的二叉搜索树 II.cpp */,
				4971F001243D5DBA00869D4B /* 96不同的二叉搜索树.cpp */,
				4971F003243DF2A800869D4B /* 98验证二叉搜索树.cpp */,
				4990D9E7243F1AB900EE91CF /* 101对称二叉树.cpp */,
				4990D9E9243F222900EE91CF /* 102二叉树的层序遍历.cpp */,
				4990D9EB243F404500EE91CF /* 104二叉树的最大深度.cpp */,
				493AC5B1244726890007341E /* 105从前序与中序遍历序列构造二叉树.cpp */,
				4998A459244D8387003CCE0B /* 114二叉树展开为链表.cpp */,
				49421FC5244FC52C00F6C511 /* 124二叉树中的最大路径和.cpp */,
				49421FC7244FDAF500F6C511 /* 226翻转二叉树.cpp */,
				49FBACC724503F7800D62B36 /* 437路径总和 III.cpp */,
				493BF9C924565E2B00FE126F /* 538把二叉搜索树转换为累加树.cpp */,
				49F2F4072457B0BE002D9D17 /* 543二叉树的直径.cpp */,
				494EE31F2458FFA3004648E0 /* 617合并二叉树.cpp */,
				494EE3212459B4FA004648E0 /* 236二叉树的最近公共祖先.cpp */,
				4917C35B245D6D0800D3EE28 /* 297二叉树的序列化与反序列化.cpp */,
				4955577A24639207004DC4BE /* 572另一个树的子树.cpp */,
			);
			path = "树";
			sourceTree = "<group>";
		};
		4979DD1D24C32DD000A2B8E0 /* 位操作 */ = {
			isa = PBXGroup;
			children = (
				4979DD2024C32F5300A2B8E0 /* 136只出现一次的数字.cpp */,
				4979DD1E24C32DF500A2B8E0 /* 461汉明距离.cpp */,
			);
			path = "位操作";
			sourceTree = "<group>";
		};
		49860FAE24C41D75008DC45E /* 字符串 */ = {
			isa = PBXGroup;
			children = (
				49860FA724C40091008DC45E /* 6Z 字形变换.cpp */,
			);
			path = "字符串";
			sourceTree = "<group>";
		};
		49860FAF24C41DB3008DC45E /* 数组 */ = {
			isa = PBXGroup;
			children = (
			);
			path = "数组";
			sourceTree = "<group>";
		};
		49940A9824A05EDD0087ACA7 /* 栈 */ = {
			isa = PBXGroup;
			children = (
				499C4B06249F9A0D00A34D65 /* 155最小栈.cpp */,
				49940A9624A05ED70087ACA7 /* 20有效的括号.cpp */,
				49C8979124B863350006ACE3 /* 394字符串解码.cpp */,
				49C8979324B86BF20006ACE3 /* 739每日温度.cpp */,
				49D227BC24BAEBE500DD7652 /* 42接雨水.cpp */,
				49D227BE24BAF5F500DD7652 /* 84柱状图中最大的矩形.cpp */,
			);
			path = "栈";
			sourceTree = "<group>";
		};
		49940A9924A05EE40087ACA7 /* 队列 */ = {
			isa = PBXGroup;
			children = (
			);
			path = "队列";
			sourceTree = "<group>";
		};
		499C4B02249F924800A34D65 /* 双指针 */ = {
			isa = PBXGroup;
			children = (
				499C4B03249F927100A34D65 /* 283移动零.cpp */,
				49860FB024C41DFB008DC45E /* 26删除排序数组中的重复项.cpp */,
				499FA0BD24D55C9300898039 /* 80删除排序数组中的重复项 II.cpp */,
				49860FB224C4259E008DC45E /* 27移除元素.cpp */,
				4979DD1524C2DC8600A2B8E0 /* 75颜色分类.cpp */,
				4979DD1724C2E07000A2B8E0 /* 15三数之和.cpp */,
				49C3E6BE24C449040093A556 /* 16最接近的三数之和.cpp */,
				49C3E6C024C453480093A556 /* 18四数之和.cpp */,
			);
			path = "双指针";
			sourceTree = "<group>";
		};
		499C4B05249F997800A34D65 /* 栈和队列 */ = {
			isa = PBXGroup;
			children = (
				49940A9924A05EE40087ACA7 /* 队列 */,
				49940A9824A05EDD0087ACA7 /* 栈 */,
			);
			path = "栈和队列";
			sourceTree = "<group>";
		};
		49A05FC9245FD82A00A71560 /* 经典 */ = {
			isa = PBXGroup;
			children = (
				49A7D60D24615D2800B93710 /* 股票问题 */,
				494476A6242B82B000432797 /* 300最长上升子序列.cpp */,
				49A7D60B24614F3000B93710 /* 1143最长公共子序列.cpp */,
				49A7D60E246160D600B93710 /* 5最长回文子串.cpp */,
				49A7D610246168AD00B93710 /* 516最长回文子序列.cpp */,
				49A05FCB245FD8BB00A71560 /* 198打家劫舍.cpp */,
				49A05FCD245FDC6000A71560 /* 213打家劫舍 II.cpp */,
				4917C359245D64D300D3EE28 /* 337打家劫舍 III.cpp */,
				49A05FDB246015DA00A71560 /* 322零钱兑换.cpp */,
				49A05FDD246015F200A71560 /* 518零钱兑换 II.cpp */,
				499C4AFB249F51B800A34D65 /* 10正则表达式匹配.cpp */,
			);
			path = "经典";
			sourceTree = "<group>";
		};
		49A05FCA245FD83800A71560 /* 其他 */ = {
			isa = PBXGroup;
			children = (
				494F552D245EAD4C0070C302 /* 53最大子序和.cpp */,
				49A0334824791D25005CCB85 /* 152乘积最大子数组.cpp */,
				49A0FD4B2462EBD200FFDEC5 /* 983最低票价.cpp */,
				49A0FD4D2462EFA000FFDEC5 /* 139单词拆分.cpp */,
				49A0FD4F2462F87C00FFDEC5 /* 62不同路径.cpp */,
				491C50F524643EAF00A7E504 /* 494目标和.cpp */,
				49A0334224790C28005CCB85 /* 279完全平方数.cpp */,
				49A03344247910A2005CCB85 /* 647回文子串.cpp */,
				49A0334624791A93005CCB85 /* 64最小路径和.cpp */,
				49449CBE249620AE0034654A /* 221最大正方形.cpp */,
				499C4AFD249F547800A34D65 /* 85最大矩形.cpp */,
				490E1FD2249CAA410023D01C /* 70爬楼梯.cpp */,
				499C4AFF249F592D00A34D65 /* 338比特位计数.cpp */,
			);
			path = "其他";
			sourceTree = "<group>";
		};
		49A7D60D24615D2800B93710 /* 股票问题 */ = {
			isa = PBXGroup;
			children = (
				49A05FCF245FEB2F00A71560 /* 121买卖股票的最佳时机.cpp */,
				49A05FD1245FEDD900A71560 /* 122买卖股票的最佳时机 II.cpp */,
				49A05FD3246003B100A71560 /* 123买卖股票的最佳时机 III.cpp */,
				49A05FD5246008AD00A71560 /* 188买卖股票的最佳时机 IV.cpp */,
				49A05FD724600BA100A71560 /* 309最佳买卖股票时机含冷冻期.cpp */,
				49A05FD924600BB400A71560 /* 714买卖股票的最佳时机含手续费.cpp */,
			);
			path = "股票问题";
			sourceTree = "<group>";
		};
		49BB4F3F24665108009BA8BD /* 数学 */ = {
			isa = PBXGroup;
			children = (
				49860FAA24C41120008DC45E /* 9回文数.cpp */,
				49BB4F4024665148009BA8BD /* 69x 的平方根.cpp */,
				4979DD2224C3329900A2B8E0 /* 448找到所有数组中消失的数字.cpp */,
			);
			path = "数学";
			sourceTree = "<group>";
		};
		49D227C024BAFCF700DD7652 /* 回溯算法 */ = {
			isa = PBXGroup;
			children = (
				49D227CD24BB3A4B00DD7652 /* 经典 */,
				49CB900724CB045300F64EF9 /* 36有效的数独.cpp */,
				49D227CE24BB3A6500DD7652 /* 39组合总和.cpp */,
				49D1957324CBF03500CCD943 /* 40组合总和 II.cpp */,
				49D8D57224BBE7EA0094992C /* 17电话号码的字母组合.cpp */,
				49D8D57424BBEB5A0094992C /* 79单词搜索.cpp */,
			);
			path = "回溯算法";
			sourceTree = "<group>";
		};
		49D227CD24BB3A4B00DD7652 /* 经典 */ = {
			isa = PBXGroup;
			children = (
				49D227C124BAFFFD00DD7652 /* 46全排列.cpp */,
				49D1957724CC3D2F00CCD943 /* 47全排列 II.cpp */,
				49D227C724BB1E0B00DD7652 /* 77组合.cpp */,
				49D227C524BB195B00DD7652 /* 78子集.cpp */,
				49D227C324BB064A00DD7652 /* 51N皇后.cpp */,
				490CF7E124CD46E600317B14 /* 52N皇后 II.cpp */,
				49D227C924BB20A200DD7652 /* 22括号生成.cpp */,
				49D227CB24BB324900DD7652 /* 37解数独.cpp */,
			);
			path = "经典";
			sourceTree = "<group>";
		};
		49D8D57924BC79570094992C /* 二分查找 */ = {
			isa = PBXGroup;
			children = (
				49FA9FE924C1D4F500B6E475 /* 4寻找两个正序数组的中位数.cpp */,
				49C5AFF324BF210300E20C20 /* 33搜索旋转排序数组.cpp */,
				49D8D57C24BC81BB0094992C /* 34在排序数组中查找元素的第一个和最后一个位置.cpp */,
				49C5AFF124BF1FDE00E20C20 /* 240搜索二维矩阵 II.cpp */,
				49D8D57A24BC79990094992C /* 287寻找重复数.cpp */,
			);
			path = "二分查找";
			sourceTree = "<group>";
		};
/* End PBXGroup section */

/* Begin PBXNativeTarget section */
		49447691242AF67300432797 /* RanLeetCode */ = {
			isa = PBXNativeTarget;
			buildConfigurationList = 49447699242AF67300432797 /* Build configuration list for PBXNativeTarget "RanLeetCode" */;
			buildPhases = (
				4944768E242AF67300432797 /* Sources */,
				4944768F242AF67300432797 /* Frameworks */,
				49447690242AF67300432797 /* CopyFiles */,
			);
			buildRules = (
			);
			dependencies = (
			);
			name = RanLeetCode;
			productName = RanLeetCode;
			productReference = 49447692242AF67300432797 /* RanLeetCode */;
			productType = "com.apple.product-type.tool";
		};
/* End PBXNativeTarget section */

/* Begin PBXProject section */
		4944768A242AF67300432797 /* Project object */ = {
			isa = PBXProject;
			attributes = {
				LastUpgradeCheck = 1100;
				ORGANIZATIONNAME = mahuanran;
				TargetAttributes = {
					49447691242AF67300432797 = {
						CreatedOnToolsVersion = 11.0;
					};
				};
			};
			buildConfigurationList = 4944768D242AF67300432797 /* Build configuration list for PBXProject "RanLeetCode" */;
			compatibilityVersion = "Xcode 9.3";
			developmentRegion = en;
			hasScannedForEncodings = 0;
			knownRegions = (
				en,
				Base,
			);
			mainGroup = 49447689242AF67300432797;
			productRefGroup = 49447693242AF67300432797 /* Products */;
			projectDirPath = "";
			projectRoot = "";
			targets = (
				49447691242AF67300432797 /* RanLeetCode */,
			);
		};
/* End PBXProject section */

/* Begin PBXSourcesBuildPhase section */
		4944768E242AF67300432797 /* Sources */ = {
			isa = PBXSourcesBuildPhase;
			buildActionMask = 2147483647;
			files = (
				493BF9CA24565E2B00FE126F /* 538把二叉搜索树转换为累加树.cpp in Sources */,
				49B3BFE024D6BC2500FE2FE7 /* 125验证回文串.cpp in Sources */,
				4969DC1924DC33BB00241CCE /* 204计数质数.cpp in Sources */,
				49D227C224BAFFFD00DD7652 /* 46全排列.cpp in Sources */,
				494EE3202458FFA3004648E0 /* 617合并二叉树.cpp in Sources */,
				4979DD1F24C32DF500A2B8E0 /* 461汉明距离.cpp in Sources */,
				4969DC0F24DC1DEF00241CCE /* 172阶乘后的零.cpp in Sources */,
				4979DD1624C2DC8600A2B8E0 /* 75颜色分类.cpp in Sources */,
				49D8D57324BBE7EA0094992C /* 17电话号码的字母组合.cpp in Sources */,
				490CF7EF24CD767800317B14 /* 67二进制求和.cpp in Sources */,
				49709CBC24DEAD59009C378F /* 162寻找峰值.cpp in Sources */,
				49A0FD502462F87C00FFDEC5 /* 62不同路径.cpp in Sources */,
				4971F002243D5DBA00869D4B /* 96不同的二叉搜索树.cpp in Sources */,
				49A05FD2245FEDD900A71560 /* 122买卖股票的最佳时机 II.cpp in Sources */,
				49D227BD24BAEBE500DD7652 /* 42接雨水.cpp in Sources */,
				49860FB324C4259E008DC45E /* 27移除元素.cpp in Sources */,
				49A05FD4246003B100A71560 /* 123买卖股票的最佳时机 III.cpp in Sources */,
				49B3BFDC24D6A52C00FE2FE7 /* 119杨辉三角.cpp in Sources */,
				49C3E6C124C453480093A556 /* 18四数之和.cpp in Sources */,
				494EE3222459B4FA004648E0 /* 236二叉树的最近公共祖先.cpp in Sources */,
				49EC0C8424DFEAD5001B370B /* 207课程表.cpp in Sources */,
				49A03345247910A2005CCB85 /* 647回文子串.cpp in Sources */,
				49B3BFE224D6CC5F00FE2FE7 /* 127单词接龙.cpp in Sources */,
				49D8D57B24BC79990094992C /* 287寻找重复数.cpp in Sources */,
				49709CC024DEC707009C378F /* 166分数到小数.cpp in Sources */,
				49951BE324D8F3FA004B11A3 /* 167两数之和 II - 输入有序数组.cpp in Sources */,
				499FA0C824D59DA200898039 /* 90子集 II.cpp in Sources */,
				490CF7F324CD7EAD00317B14 /* 88合并两个有序数组.cpp in Sources */,
				494476A7242B82B000432797 /* 300最长上升子序列.cpp in Sources */,
				49A05FDE246015F200A71560 /* 518零钱兑换 II.cpp in Sources */,
				49449CC424962C7D0034654A /* 2选择排序cpp in Sources */,
				499FA0B624D522F000898039 /* 63不同路径 II.cpp in Sources */,
				499FA0B424D51BC300898039 /* 61旋转链表.cpp in Sources */,
				490CF7EB24CD5F1A00317B14 /* 58最后一个单词的长度.cpp in Sources */,
				49A7D60C24614F3000B93710 /* 1143最长公共子序列.cpp in Sources */,
				494F552E245EAD4C0070C302 /* 53最大子序和.cpp in Sources */,
				49860FB124C41DFB008DC45E /* 26删除排序数组中的重复项.cpp in Sources */,
				49A05FDC246015DA00A71560 /* 322零钱兑换.cpp in Sources */,
				490CF7F524CD82F200317B14 /* 56合并区间.cpp in Sources */,
				4969DC1724DC313E00241CCE /* 203移除链表元素.cpp in Sources */,
				49860FAD24C4180F008DC45E /* 14最长公共前缀.cpp in Sources */,
				499FA0BC24D54F8300898039 /* 74搜索二维矩阵.cpp in Sources */,
				49860FB524C42CCB008DC45E /* 28实现 strStr().cpp in Sources */,
				4990D9EA243F222900EE91CF /* 102二叉树的层序遍历.cpp in Sources */,
				49A7D611246168AD00B93710 /* 516最长回文子序列.cpp in Sources */,
				49D1957A24CC564300CCD943 /* 48旋转图像.cpp in Sources */,
				49709CBE24DEC187009C378F /* 165比较版本号.cpp in Sources */,
				4917C35C245D6D0800D3EE28 /* 297二叉树的序列化与反序列化.cpp in Sources */,
				49860FB924C43CFF008DC45E /* 12整数转罗马数字.cpp in Sources */,
				493AC5B2244726890007341E /* 105从前序与中序遍历序列构造二叉树.cpp in Sources */,
				49CB900824CB045300F64EF9 /* 36有效的数独.cpp in Sources */,
				49D1957C24CC595900CCD943 /* 49字母异位词分组.cpp in Sources */,
				494476A3242B4FD800432797 /* 206反转链表.cpp in Sources */,
				499C4AFE249F547800A34D65 /* 85最大矩形.cpp in Sources */,
				49709CB624DE92CE009C378F /* 209长度最小的子数组.cpp in Sources */,
				49A05FCE245FDC6000A71560 /* 213打家劫舍 II.cpp in Sources */,
				49EC0C7E24DFCBA4001B370B /* 187重复的DNA序列.cpp in Sources */,
				490CF7E924CD585200317B14 /* 55跳跃游戏.cpp in Sources */,
				49421FC8244FDAF500F6C511 /* 226翻转二叉树.cpp in Sources */,
				499FA0B824D5276A00898039 /* 71简化路径.cpp in Sources */,
				49C5AFF224BF1FDE00E20C20 /* 240搜索二维矩阵 II.cpp in Sources */,
				497B182F24C52BE800E9ED76 /* 24两两交换链表中的节点.cpp in Sources */,
				49860FB724C432FC008DC45E /* 38外观数列.cpp in Sources */,
				49B3BFDA24D6A4F900FE2FE7 /* 118杨辉三角.cpp in Sources */,
				49D227C624BB195B00DD7652 /* 78子集.cpp in Sources */,
				499C4B07249F9A0D00A34D65 /* 155最小栈.cpp in Sources */,
				4979DD1A24C2FD1C00A2B8E0 /* 76最小覆盖子串.cpp in Sources */,
				49449CBF249620AE0034654A /* 221最大正方形.cpp in Sources */,
				49709CB824DEA0BA009C378F /* 153寻找旋转排序数组中的最小值.cpp in Sources */,
				49951BE524D8F58C004B11A3 /* 168Excel表列名称.cpp in Sources */,
				499FA0C224D5675000898039 /* 82删除排序链表中的重复元素 II.cpp in Sources */,
				4979DD1824C2E07000A2B8E0 /* 15三数之和.cpp in Sources */,
				494F5530245EB1440070C302 /* 160相交链表.cpp in Sources */,
				49A05FDA24600BB400A71560 /* 714买卖股票的最佳时机含手续费.cpp in Sources */,
				4971F000243D58BE00869D4B /* 94二叉树的中序遍历.cpp in Sources */,
				49D227C824BB1E0B00DD7652 /* 77组合.cpp in Sources */,
				49F2F4082457B0BE002D9D17 /* 543二叉树的直径.cpp in Sources */,
				490CF7E224CD46E600317B14 /* 52N皇后 II.cpp in Sources */,
				49B3BFE424D6CE3900FE2FE7 /* 137只出现一次的数字 II.cpp in Sources */,
				49D227C424BB064A00DD7652 /* 51N皇后.cpp in Sources */,
				49C8979424B86BF20006ACE3 /* 739每日温度.cpp in Sources */,
				4955577B24639207004DC4BE /* 572另一个树的子树.cpp in Sources */,
				4917C360245D9EEB00D3EE28 /* 19删除链表的倒数第N个节点.cpp in Sources */,
				49AADF0F24C6DEE300DE5DD6 /* 31下一个排列.cpp in Sources */,
				491C50F624643EAF00A7E504 /* 494目标和.cpp in Sources */,
				4917C364245DB67D00D3EE28 /* 141环形链表.cpp in Sources */,
				49A0334324790C28005CCB85 /* 279完全平方数.cpp in Sources */,
				49D227BF24BAF5F500DD7652 /* 84柱状图中最大的矩形.cpp in Sources */,
				4917C366245DB93900D3EE28 /* 142环形链表 II.cpp in Sources */,
				49FBACC824503F7800D62B36 /* 437路径总和 III.cpp in Sources */,
				490CF7E724CD542E00317B14 /* 59螺旋矩阵 II.cpp in Sources */,
				49A05FD0245FEB2F00A71560 /* 121买卖股票的最佳时机.cpp in Sources */,
				4990D9EC243F404500EE91CF /* 104二叉树的最大深度.cpp in Sources */,
				49D1957824CC3D2F00CCD943 /* 47全排列 II.cpp in Sources */,
				49A05FCC245FD8BB00A71560 /* 198打家劫舍.cpp in Sources */,
				4971F004243DF2A800869D4B /* 98验证二叉搜索树.cpp in Sources */,
				49D8D57D24BC81BB0094992C /* 34在排序数组中查找元素的第一个和最后一个位置.cpp in Sources */,
				49A05FD6246008AD00A71560 /* 188买卖股票的最佳时机 IV.cpp in Sources */,
				499FA0C624D5957D00898039 /* 89格雷编码.cpp in Sources */,
				49FA9FEA24C1D4F500B6E475 /* 4寻找两个正序数组的中位数.cpp in Sources */,
				490CF7ED24CD610600317B14 /* 66加一.cpp in Sources */,
				49BB4F4124665148009BA8BD /* 69x 的平方根.cpp in Sources */,
				49860FBB24C43DAC008DC45E /* 13罗马数字转整数.cpp in Sources */,
				4917C35A245D64D300D3EE28 /* 337打家劫舍 III.cpp in Sources */,
				49D227CC24BB324900DD7652 /* 37解数独.cpp in Sources */,
				499C4B00249F592D00A34D65 /* 338比特位计数.cpp in Sources */,
				49A05FD824600BA100A71560 /* 309最佳买卖股票时机含冷冻期.cpp in Sources */,
				4917C362245DA35900D3EE28 /* 234回文链表.cpp in Sources */,
				499FA0C424D56CC800898039 /* 86分隔链表.cpp in Sources */,
				49AADF0D24C6D89A00DE5DD6 /* 35搜索插入位置.cpp in Sources */,
				49D1957624CC22E200CCD943 /* 43字符串相乘.cpp in Sources */,
				499FA0CC24D5A9E800898039 /* 92反转链表 II.cpp in Sources */,
				49D227CF24BB3A6500DD7652 /* 39组合总和.cpp in Sources */,
				49D227CA24BB20A200DD7652 /* 22括号生成.cpp in Sources */,
				49A0FD4C2462EBD200FFDEC5 /* 983最低票价.cpp in Sources */,
				4917C354245D453500D3EE28 /* 3无重复字符的最长子串.cpp in Sources */,
				49449CC62496319F0034654A /* 3插入排序.cpp in Sources */,
				499C4AFC249F51B800A34D65 /* 10正则表达式匹配.cpp in Sources */,
				4917C358245D4F7A00D3EE28 /* 21合并两个有序链表.cpp in Sources */,
				49B3BFE624D6D58100FE2FE7 /* 151翻转字符串里的单词.cpp in Sources */,
				499FA0BA24D5286400898039 /* 73矩阵置零.cpp in Sources */,
				499FA0CA24D5A0BF00898039 /* 91解码方法.cpp in Sources */,
				490CF7F124CD7B3900317B14 /* 83删除排序链表中的重复元素.cpp in Sources */,
				49C3E6BF24C449040093A556 /* 16最接近的三数之和.cpp in Sources */,
				49C5AFF424BF210300E20C20 /* 33搜索旋转排序数组.cpp in Sources */,
				49B3BFD824D6A00000FE2FE7 /* 95不同的二叉搜索树 II.cpp in Sources */,
				4979DD1C24C319D800A2B8E0 /* 567字符串的排列.cpp in Sources */,
				49D1957E24CC614500CCD943 /* 50Pow(x, n).cpp in Sources */,
				499FA0C024D5606800898039 /* 81搜索旋转排序数组 II.cpp in Sources */,
				4969DC1124DC209500241CCE /* 189旋转数组.cpp in Sources */,
				4969DC1B24DC3E1A00241CCE /* 205同构字符串.cpp in Sources */,
				49B3BFDE24D6B48400FE2FE7 /* 120三角形最小路径和.cpp in Sources */,
				49B3BFD624D699D200FE2FE7 /* 93复原IP地址.cpp in Sources */,
				49A7D60F246160D600B93710 /* 5最长回文子串.cpp in Sources */,
				49447696242AF67300432797 /* main.m in Sources */,
				4917C35E245D9C7A00D3EE28 /* 148排序链表.cpp in Sources */,
				4998A45A244D8387003CCE0B /* 114二叉树展开为链表.cpp in Sources */,
				4969DC1524DC2D9200241CCE /* 191位1的个数.cpp in Sources */,
				49A0334724791A93005CCB85 /* 64最小路径和.cpp in Sources */,
				49421FC6244FC52C00F6C511 /* 124二叉树中的最大路径和.cpp in Sources */,
				4979DD2124C32F5300A2B8E0 /* 136只出现一次的数字.cpp in Sources */,
				49940A9724A05ED70087ACA7 /* 20有效的括号.cpp in Sources */,
				49A0FD4E2462EFA000FFDEC5 /* 139单词拆分.cpp in Sources */,
				4969DC1324DC29AF00241CCE /* 190颠倒二进制位.cpp in Sources */,
				4979DD2324C3329900A2B8E0 /* 448找到所有数组中消失的数字.cpp in Sources */,
				49EC0C8224DFE280001B370B /* 201数字范围按位与.cpp in Sources */,
				4990D9E8243F1AB900EE91CF /* 101对称二叉树.cpp in Sources */,
				49860FA824C40091008DC45E /* 6Z 字形变换.cpp in Sources */,
				49860FAB24C41120008DC45E /* 9回文数.cpp in Sources */,
				490CF7E524CD4A1100317B14 /* 54螺旋矩阵.cpp in Sources */,
				49EC0C8024DFD605001B370B /* 200岛屿数量.cpp in Sources */,
				490CF7F724CD880500317B14 /* 60第k个排列.cpp in Sources */,
				49A0334924791D25005CCB85 /* 152乘积最大子数组.cpp in Sources */,
				49C8979224B863350006ACE3 /* 394字符串解码.cpp in Sources */,
				49709CBA24DEA4C2009C378F /* 154寻找旋转排序数组中的最小值 II.cpp in Sources */,
				499C4B04249F927100A34D65 /* 283移动零.cpp in Sources */,
				49D1957424CBF03500CCD943 /* 40组合总和 II.cpp in Sources */,
				49EC0C7C24DFAD92001B370B /* 179最大数.cpp in Sources */,
				49D8D57524BBEB5A0094992C /* 79单词搜索.cpp in Sources */,
				499FA0BE24D55C9300898039 /* 80删除排序数组中的重复项 II.cpp in Sources */,
				49449CC2249625910034654A /* 1冒泡排序.cpp in Sources */,
				490E1FD3249CAA410023D01C /* 70爬楼梯.cpp in Sources */,
				49839C9224C676BE00EDDD75 /* 29两数相除.cpp in Sources */,
			);
			runOnlyForDeploymentPostprocessing = 0;
		};
/* End PBXSourcesBuildPhase section */

/* Begin XCBuildConfiguration section */
		49447697242AF67300432797 /* Debug */ = {
			isa = XCBuildConfiguration;
			buildSettings = {
				ALWAYS_SEARCH_USER_PATHS = NO;
				CLANG_ANALYZER_NONNULL = YES;
				CLANG_ANALYZER_NUMBER_OBJECT_CONVERSION = YES_AGGRESSIVE;
				CLANG_CXX_LANGUAGE_STANDARD = "gnu++14";
				CLANG_CXX_LIBRARY = "libc++";
				CLANG_ENABLE_MODULES = YES;
				CLANG_ENABLE_OBJC_ARC = YES;
				CLANG_ENABLE_OBJC_WEAK = YES;
				CLANG_WARN_BLOCK_CAPTURE_AUTORELEASING = YES;
				CLANG_WARN_BOOL_CONVERSION = YES;
				CLANG_WARN_COMMA = YES;
				CLANG_WARN_CONSTANT_CONVERSION = YES;
				CLANG_WARN_DEPRECATED_OBJC_IMPLEMENTATIONS = YES;
				CLANG_WARN_DIRECT_OBJC_ISA_USAGE = YES_ERROR;
				CLANG_WARN_DOCUMENTATION_COMMENTS = YES;
				CLANG_WARN_EMPTY_BODY = YES;
				CLANG_WARN_ENUM_CONVERSION = YES;
				CLANG_WARN_INFINITE_RECURSION = YES;
				CLANG_WARN_INT_CONVERSION = YES;
				CLANG_WARN_NON_LITERAL_NULL_CONVERSION = YES;
				CLANG_WARN_OBJC_IMPLICIT_RETAIN_SELF = YES;
				CLANG_WARN_OBJC_LITERAL_CONVERSION = YES;
				CLANG_WARN_OBJC_ROOT_CLASS = YES_ERROR;
				CLANG_WARN_RANGE_LOOP_ANALYSIS = YES;
				CLANG_WARN_STRICT_PROTOTYPES = YES;
				CLANG_WARN_SUSPICIOUS_MOVE = YES;
				CLANG_WARN_UNGUARDED_AVAILABILITY = YES_AGGRESSIVE;
				CLANG_WARN_UNREACHABLE_CODE = YES;
				CLANG_WARN__DUPLICATE_METHOD_MATCH = YES;
				COPY_PHASE_STRIP = NO;
				DEBUG_INFORMATION_FORMAT = dwarf;
				ENABLE_STRICT_OBJC_MSGSEND = YES;
				ENABLE_TESTABILITY = YES;
				GCC_C_LANGUAGE_STANDARD = gnu11;
				GCC_DYNAMIC_NO_PIC = NO;
				GCC_NO_COMMON_BLOCKS = YES;
				GCC_OPTIMIZATION_LEVEL = 0;
				GCC_PREPROCESSOR_DEFINITIONS = (
					"DEBUG=1",
					"$(inherited)",
				);
				GCC_WARN_64_TO_32_BIT_CONVERSION = YES;
				GCC_WARN_ABOUT_RETURN_TYPE = YES_ERROR;
				GCC_WARN_UNDECLARED_SELECTOR = YES;
				GCC_WARN_UNINITIALIZED_AUTOS = YES_AGGRESSIVE;
				GCC_WARN_UNUSED_FUNCTION = YES;
				GCC_WARN_UNUSED_VARIABLE = YES;
				MACOSX_DEPLOYMENT_TARGET = 10.15;
				MTL_ENABLE_DEBUG_INFO = INCLUDE_SOURCE;
				MTL_FAST_MATH = YES;
				ONLY_ACTIVE_ARCH = YES;
				SDKROOT = macosx;
			};
			name = Debug;
		};
		49447698242AF67300432797 /* Release */ = {
			isa = XCBuildConfiguration;
			buildSettings = {
				ALWAYS_SEARCH_USER_PATHS = NO;
				CLANG_ANALYZER_NONNULL = YES;
				CLANG_ANALYZER_NUMBER_OBJECT_CONVERSION = YES_AGGRESSIVE;
				CLANG_CXX_LANGUAGE_STANDARD = "gnu++14";
				CLANG_CXX_LIBRARY = "libc++";
				CLANG_ENABLE_MODULES = YES;
				CLANG_ENABLE_OBJC_ARC = YES;
				CLANG_ENABLE_OBJC_WEAK = YES;
				CLANG_WARN_BLOCK_CAPTURE_AUTORELEASING = YES;
				CLANG_WARN_BOOL_CONVERSION = YES;
				CLANG_WARN_COMMA = YES;
				CLANG_WARN_CONSTANT_CONVERSION = YES;
				CLANG_WARN_DEPRECATED_OBJC_IMPLEMENTATIONS = YES;
				CLANG_WARN_DIRECT_OBJC_ISA_USAGE = YES_ERROR;
				CLANG_WARN_DOCUMENTATION_COMMENTS = YES;
				CLANG_WARN_EMPTY_BODY = YES;
				CLANG_WARN_ENUM_CONVERSION = YES;
				CLANG_WARN_INFINITE_RECURSION = YES;
				CLANG_WARN_INT_CONVERSION = YES;
				CLANG_WARN_NON_LITERAL_NULL_CONVERSION = YES;
				CLANG_WARN_OBJC_IMPLICIT_RETAIN_SELF = YES;
				CLANG_WARN_OBJC_LITERAL_CONVERSION = YES;
				CLANG_WARN_OBJC_ROOT_CLASS = YES_ERROR;
				CLANG_WARN_RANGE_LOOP_ANALYSIS = YES;
				CLANG_WARN_STRICT_PROTOTYPES = YES;
				CLANG_WARN_SUSPICIOUS_MOVE = YES;
				CLANG_WARN_UNGUARDED_AVAILABILITY = YES_AGGRESSIVE;
				CLANG_WARN_UNREACHABLE_CODE = YES;
				CLANG_WARN__DUPLICATE_METHOD_MATCH = YES;
				COPY_PHASE_STRIP = NO;
				DEBUG_INFORMATION_FORMAT = "dwarf-with-dsym";
				ENABLE_NS_ASSERTIONS = NO;
				ENABLE_STRICT_OBJC_MSGSEND = YES;
				GCC_C_LANGUAGE_STANDARD = gnu11;
				GCC_NO_COMMON_BLOCKS = YES;
				GCC_WARN_64_TO_32_BIT_CONVERSION = YES;
				GCC_WARN_ABOUT_RETURN_TYPE = YES_ERROR;
				GCC_WARN_UNDECLARED_SELECTOR = YES;
				GCC_WARN_UNINITIALIZED_AUTOS = YES_AGGRESSIVE;
				GCC_WARN_UNUSED_FUNCTION = YES;
				GCC_WARN_UNUSED_VARIABLE = YES;
				MACOSX_DEPLOYMENT_TARGET = 10.15;
				MTL_ENABLE_DEBUG_INFO = NO;
				MTL_FAST_MATH = YES;
				SDKROOT = macosx;
			};
			name = Release;
		};
		4944769A242AF67300432797 /* Debug */ = {
			isa = XCBuildConfiguration;
			buildSettings = {
				CODE_SIGN_STYLE = Automatic;
				DEVELOPMENT_TEAM = 4N2U4WJ6WA;
				ENABLE_HARDENED_RUNTIME = YES;
				PRODUCT_NAME = "$(TARGET_NAME)";
			};
			name = Debug;
		};
		4944769B242AF67300432797 /* Release */ = {
			isa = XCBuildConfiguration;
			buildSettings = {
				CODE_SIGN_STYLE = Automatic;
				DEVELOPMENT_TEAM = 4N2U4WJ6WA;
				ENABLE_HARDENED_RUNTIME = YES;
				PRODUCT_NAME = "$(TARGET_NAME)";
			};
			name = Release;
		};
/* End XCBuildConfiguration section */

/* Begin XCConfigurationList section */
		4944768D242AF67300432797 /* Build configuration list for PBXProject "RanLeetCode" */ = {
			isa = XCConfigurationList;
			buildConfigurations = (
				49447697242AF67300432797 /* Debug */,
				49447698242AF67300432797 /* Release */,
			);
			defaultConfigurationIsVisible = 0;
			defaultConfigurationName = Release;
		};
		49447699242AF67300432797 /* Build configuration list for PBXNativeTarget "RanLeetCode" */ = {
			isa = XCConfigurationList;
			buildConfigurations = (
				4944769A242AF67300432797 /* Debug */,
				4944769B242AF67300432797 /* Release */,
			);
			defaultConfigurationIsVisible = 0;
			defaultConfigurationName = Release;
		};
/* End XCConfigurationList section */
	};
	rootObject = 4944768A242AF67300432797 /* Project object */;
}
